// !$*UTF8*$!
{
	archiveVersion = 1;
	classes = {
	};
	objectVersion = 46;
	objects = {

/* Begin PBXBuildFile section */
		824A4BAD20AD0AC3009AD1EA /* main.m in Sources */ = {isa = PBXBuildFile; fileRef = 824A4BAC20AD0AC3009AD1EA /* main.m */; };
		824A4BB020AD0AC3009AD1EA /* AppDelegate.m in Sources */ = {isa = PBXBuildFile; fileRef = 824A4BAF20AD0AC3009AD1EA /* AppDelegate.m */; };
		824A4BB320AD0AC3009AD1EA /* ViewController.m in Sources */ = {isa = PBXBuildFile; fileRef = 824A4BB220AD0AC3009AD1EA /* ViewController.m */; };
		824A4BB620AD0AC3009AD1EA /* Main.storyboard in Resources */ = {isa = PBXBuildFile; fileRef = 824A4BB420AD0AC3009AD1EA /* Main.storyboard */; };
		824A4BB820AD0AC3009AD1EA /* Assets.xcassets in Resources */ = {isa = PBXBuildFile; fileRef = 824A4BB720AD0AC3009AD1EA /* Assets.xcassets */; };
		824A4BBB20AD0AC3009AD1EA /* LaunchScreen.storyboard in Resources */ = {isa = PBXBuildFile; fileRef = 824A4BB920AD0AC3009AD1EA /* LaunchScreen.storyboard */; };
		824A4BC620AD0AC3009AD1EA /* uitabelTests.m in Sources */ = {isa = PBXBuildFile; fileRef = 824A4BC520AD0AC3009AD1EA /* uitabelTests.m */; };
		824A4BD120AD0AC3009AD1EA /* uitabelUITests.m in Sources */ = {isa = PBXBuildFile; fileRef = 824A4BD020AD0AC3009AD1EA /* uitabelUITests.m */; };
/* End PBXBuildFile section */

/* Begin PBXContainerItemProxy section */
		824A4BC220AD0AC3009AD1EA /* PBXContainerItemProxy */ = {
			isa = PBXContainerItemProxy;
			containerPortal = 824A4BA020AD0AC3009AD1EA /* Project object */;
			proxyType = 1;
			remoteGlobalIDString = 824A4BA720AD0AC3009AD1EA;
			remoteInfo = uitabel;
		};
		824A4BCD20AD0AC3009AD1EA /* PBXContainerItemProxy */ = {
			isa = PBXContainerItemProxy;
			containerPortal = 824A4BA020AD0AC3009AD1EA /* Project object */;
			proxyType = 1;
			remoteGlobalIDString = 824A4BA720AD0AC3009AD1EA;
			remoteInfo = uitabel;
		};
/* End PBXContainerItemProxy section */

/* Begin PBXFileReference section */
		824A4BA820AD0AC3009AD1EA /* uitabel.app */ = {isa = PBXFileReference; explicitFileType = wrapper.application; includeInIndex = 0; path = uitabel.app; sourceTree = BUILT_PRODUCTS_DIR; };
		824A4BAC20AD0AC3009AD1EA /* main.m */ = {isa = PBXFileReference; lastKnownFileType = sourcecode.c.objc; path = main.m; sourceTree = "<group>"; };
		824A4BAE20AD0AC3009AD1EA /* AppDelegate.h */ = {isa = PBXFileReference; lastKnownFileType = sourcecode.c.h; path = AppDelegate.h; sourceTree = "<group>"; };
		824A4BAF20AD0AC3009AD1EA /* AppDelegate.m */ = {isa = PBXFileReference; lastKnownFileType = sourcecode.c.objc; path = AppDelegate.m; sourceTree = "<group>"; };
		824A4BB120AD0AC3009AD1EA /* ViewController.h */ = {isa = PBXFileReference; lastKnownFileType = sourcecode.c.h; path = ViewController.h; sourceTree = "<group>"; };
		824A4BB220AD0AC3009AD1EA /* ViewController.m */ = {isa = PBXFileReference; lastKnownFileType = sourcecode.c.objc; path = ViewController.m; sourceTree = "<group>"; };
		824A4BB520AD0AC3009AD1EA /* Base */ = {isa = PBXFileReference; lastKnownFileType = file.storyboard; name = Base; path = Base.lproj/Main.storyboard; sourceTree = "<group>"; };
		824A4BB720AD0AC3009AD1EA /* Assets.xcassets */ = {isa = PBXFileReference; lastKnownFileType = folder.assetcatalog; path = Assets.xcassets; sourceTree = "<group>"; };
		824A4BBA20AD0AC3009AD1EA /* Base */ = {isa = PBXFileReference; lastKnownFileType = file.storyboard; name = Base; path = Base.lproj/LaunchScreen.storyboard; sourceTree = "<group>"; };
		824A4BBC20AD0AC3009AD1EA /* Info.plist */ = {isa = PBXFileReference; lastKnownFileType = text.plist.xml; path = Info.plist; sourceTree = "<group>"; };
		824A4BC120AD0AC3009AD1EA /* uitabelTests.xctest */ = {isa = PBXFileReference; explicitFileType = wrapper.cfbundle; includeInIndex = 0; path = uitabelTests.xctest; sourceTree = BUILT_PRODUCTS_DIR; };
		824A4BC520AD0AC3009AD1EA /* uitabelTests.m */ = {isa = PBXFileReference; lastKnownFileType = sourcecode.c.objc; path = uitabelTests.m; sourceTree = "<group>"; };
		824A4BC720AD0AC3009AD1EA /* Info.plist */ = {isa = PBXFileReference; lastKnownFileType = text.plist.xml; path = Info.plist; sourceTree = "<group>"; };
		824A4BCC20AD0AC3009AD1EA /* uitabelUITests.xctest */ = {isa = PBXFileReference; explicitFileType = wrapper.cfbundle; includeInIndex = 0; path = uitabelUITests.xctest; sourceTree = BUILT_PRODUCTS_DIR; };
		824A4BD020AD0AC3009AD1EA /* uitabelUITests.m */ = {isa = PBXFileReference; lastKnownFileType = sourcecode.c.objc; path = uitabelUITests.m; sourceTree = "<group>"; };
		824A4BD220AD0AC3009AD1EA /* Info.plist */ = {isa = PBXFileReference; lastKnownFileType = text.plist.xml; path = Info.plist; sourceTree = "<group>"; };
/* End PBXFileReference section */

/* Begin PBXFrameworksBuildPhase section */
		824A4BA520AD0AC3009AD1EA /* Frameworks */ = {
			isa = PBXFrameworksBuildPhase;
			buildActionMask = 2147483647;
			files = (
			);
			runOnlyForDeploymentPostprocessing = 0;
		};
		824A4BBE20AD0AC3009AD1EA /* Frameworks */ = {
			isa = PBXFrameworksBuildPhase;
			buildActionMask = 2147483647;
			files = (
			);
			runOnlyForDeploymentPostprocessing = 0;
		};
		824A4BC920AD0AC3009AD1EA /* Frameworks */ = {
			isa = PBXFrameworksBuildPhase;
			buildActionMask = 2147483647;
			files = (
			);
			runOnlyForDeploymentPostprocessing = 0;
		};
/* End PBXFrameworksBuildPhase section */

/* Begin PBXGroup section */
		824A4B9F20AD0AC3009AD1EA = {
			isa = PBXGroup;
			children = (
				824A4BAA20AD0AC3009AD1EA /* uitabel */,
				824A4BC420AD0AC3009AD1EA /* uitabelTests */,
				824A4BCF20AD0AC3009AD1EA /* uitabelUITests */,
				824A4BA920AD0AC3009AD1EA /* Products */,
			);
			sourceTree = "<group>";
		};
		824A4BA920AD0AC3009AD1EA /* Products */ = {
			isa = PBXGroup;
			children = (
				824A4BA820AD0AC3009AD1EA /* uitabel.app */,
				824A4BC120AD0AC3009AD1EA /* uitabelTests.xctest */,
				824A4BCC20AD0AC3009AD1EA /* uitabelUITests.xctest */,
			);
			name = Products;
			sourceTree = "<group>";
		};
		824A4BAA20AD0AC3009AD1EA /* uitabel */ = {
			isa = PBXGroup;
			children = (
				824A4BAE20AD0AC3009AD1EA /* AppDelegate.h */,
				824A4BAF20AD0AC3009AD1EA /* AppDelegate.m */,
				824A4BB120AD0AC3009AD1EA /* ViewController.h */,
				824A4BB220AD0AC3009AD1EA /* ViewController.m */,
				824A4BB420AD0AC3009AD1EA /* Main.storyboard */,
				824A4BB720AD0AC3009AD1EA /* Assets.xcassets */,
				824A4BB920AD0AC3009AD1EA /* LaunchScreen.storyboard */,
				824A4BBC20AD0AC3009AD1EA /* Info.plist */,
				824A4BAB20AD0AC3009AD1EA /* Supporting Files */,
			);
			path = uitabel;
			sourceTree = "<group>";
		};
		824A4BAB20AD0AC3009AD1EA /* Supporting Files */ = {
			isa = PBXGroup;
			children = (
				824A4BAC20AD0AC3009AD1EA /* main.m */,
			);
			name = "Supporting Files";
			sourceTree = "<group>";
		};
		824A4BC420AD0AC3009AD1EA /* uitabelTests */ = {
			isa = PBXGroup;
			children = (
				824A4BC520AD0AC3009AD1EA /* uitabelTests.m */,
				824A4BC720AD0AC3009AD1EA /* Info.plist */,
			);
			path = uitabelTests;
			sourceTree = "<group>";
		};
		824A4BCF20AD0AC3009AD1EA /* uitabelUITests */ = {
			isa = PBXGroup;
			children = (
				824A4BD020AD0AC3009AD1EA /* uitabelUITests.m */,
				824A4BD220AD0AC3009AD1EA /* Info.plist */,
			);
			path = uitabelUITests;
			sourceTree = "<group>";
		};
/* End PBXGroup section */

/* Begin PBXNativeTarget section */
		824A4BA720AD0AC3009AD1EA /* uitabel */ = {
			isa = PBXNativeTarget;
			buildConfigurationList = 824A4BD520AD0AC3009AD1EA /* Build configuration list for PBXNativeTarget "uitabel" */;
			buildPhases = (
				824A4BA420AD0AC3009AD1EA /* Sources */,
				824A4BA520AD0AC3009AD1EA /* Frameworks */,
				824A4BA620AD0AC3009AD1EA /* Resources */,
			);
			buildRules = (
			);
			dependencies = (
			);
			name = uitabel;
			productName = uitabel;
			productReference = 824A4BA820AD0AC3009AD1EA /* uitabel.app */;
			productType = "com.apple.product-type.application";
		};
		824A4BC020AD0AC3009AD1EA /* uitabelTests */ = {
			isa = PBXNativeTarget;
			buildConfigurationList = 824A4BD820AD0AC3009AD1EA /* Build configuration list for PBXNativeTarget "uitabelTests" */;
			buildPhases = (
				824A4BBD20AD0AC3009AD1EA /* Sources */,
				824A4BBE20AD0AC3009AD1EA /* Frameworks */,
				824A4BBF20AD0AC3009AD1EA /* Resources */,
			);
			buildRules = (
			);
			dependencies = (
				824A4BC320AD0AC3009AD1EA /* PBXTargetDependency */,
			);
			name = uitabelTests;
			productName = uitabelTests;
			productReference = 824A4BC120AD0AC3009AD1EA /* uitabelTests.xctest */;
			productType = "com.apple.product-type.bundle.unit-test";
		};
		824A4BCB20AD0AC3009AD1EA /* uitabelUITests */ = {
			isa = PBXNativeTarget;
			buildConfigurationList = 824A4BDB20AD0AC3009AD1EA /* Build configuration list for PBXNativeTarget "uitabelUITests" */;
			buildPhases = (
				824A4BC820AD0AC3009AD1EA /* Sources */,
				824A4BC920AD0AC3009AD1EA /* Frameworks */,
				824A4BCA20AD0AC3009AD1EA /* Resources */,
			);
			buildRules = (
			);
			dependencies = (
				824A4BCE20AD0AC3009AD1EA /* PBXTargetDependency */,
			);
			name = uitabelUITests;
			productName = uitabelUITests;
			productReference = 824A4BCC20AD0AC3009AD1EA /* uitabelUITests.xctest */;
			productType = "com.apple.product-type.bundle.ui-testing";
		};
/* End PBXNativeTarget section */

/* Begin PBXProject section */
		824A4BA020AD0AC3009AD1EA /* Project object */ = {
			isa = PBXProject;
			attributes = {
				LastUpgradeCheck = 0730;
				ORGANIZATIONNAME = mofeioo;
				TargetAttributes = {
					824A4BA720AD0AC3009AD1EA = {
						CreatedOnToolsVersion = 7.3.1;
					};
					824A4BC020AD0AC3009AD1EA = {
						CreatedOnToolsVersion = 7.3.1;
						TestTargetID = 824A4BA720AD0AC3009AD1EA;
					};
					824A4BCB20AD0AC3009AD1EA = {
						CreatedOnToolsVersion = 7.3.1;
						TestTargetID = 824A4BA720AD0AC3009AD1EA;
					};
				};
			};
			buildConfigurationList = 824A4BA320AD0AC3009AD1EA /* Build configuration list for PBXProject "uitabel" */;
			compatibilityVersion = "Xcode 3.2";
			developmentRegion = English;
			hasScannedForEncodings = 0;
			knownRegions = (
				en,
				Base,
			);
			mainGroup = 824A4B9F20AD0AC3009AD1EA;
			productRefGroup = 824A4BA920AD0AC3009AD1EA /* Products */;
			projectDirPath = "";
			projectRoot = "";
			targets = (
				824A4BA720AD0AC3009AD1EA /* uitabel */,
				824A4BC020AD0AC3009AD1EA /* uitabelTests */,
				824A4BCB20AD0AC3009AD1EA /* uitabelUITests */,
			);
		};
/* End PBXProject section */

/* Begin PBXResourcesBuildPhase section */
		824A4BA620AD0AC3009AD1EA /* Resources */ = {
			isa = PBXResourcesBuildPhase;
			buildActionMask = 2147483647;
			files = (
				824A4BBB20AD0AC3009AD1EA /* LaunchScreen.storyboard in Resources */,
				824A4BB820AD0AC3009AD1EA /* Assets.xcassets in Resources */,
				824A4BB620AD0AC3009AD1EA /* Main.storyboard in Resources */,
			);
			runOnlyForDeploymentPostprocessing = 0;
		};
		824A4BBF20AD0AC3009AD1EA /* Resources */ = {
			isa = PBXResourcesBuildPhase;
			buildActionMask = 2147483647;
			files = (
			);
			runOnlyForDeploymentPostprocessing = 0;
		};
		824A4BCA20AD0AC3009AD1EA /* Resources */ = {
			isa = PBXResourcesBuildPhase;
			buildActionMask = 2147483647;
			files = (
			);
			runOnlyForDeploymentPostprocessing = 0;
		};
/* End PBXResourcesBuildPhase section */

/* Begin PBXSourcesBuildPhase section */
		824A4BA420AD0AC3009AD1EA /* Sources */ = {
			isa = PBXSourcesBuildPhase;
			buildActionMask = 2147483647;
			files = (
				824A4BB320AD0AC3009AD1EA /* ViewController.m in Sources */,
				824A4BB020AD0AC3009AD1EA /* AppDelegate.m in Sources */,
				824A4BAD20AD0AC3009AD1EA /* main.m in Sources */,
			);
			runOnlyForDeploymentPostprocessing = 0;
		};
		824A4BBD20AD0AC3009AD1EA /* Sources */ = {
			isa = PBXSourcesBuildPhase;
			buildActionMask = 2147483647;
			files = (
				824A4BC620AD0AC3009AD1EA /* uitabelTests.m in Sources */,
			);
			runOnlyForDeploymentPostprocessing = 0;
		};
		824A4BC820AD0AC3009AD1EA /* Sources */ = {
			isa = PBXSourcesBuildPhase;
			buildActionMask = 2147483647;
			files = (
				824A4BD120AD0AC3009AD1EA /* uitabelUITests.m in Sources */,
			);
			runOnlyForDeploymentPostprocessing = 0;
		};
/* End PBXSourcesBuildPhase section */

/* Begin PBXTargetDependency section */
		824A4BC320AD0AC3009AD1EA /* PBXTargetDependency */ = {
			isa = PBXTargetDependency;
			target = 824A4BA720AD0AC3009AD1EA /* uitabel */;
			targetProxy = 824A4BC220AD0AC3009AD1EA /* PBXContainerItemProxy */;
		};
		824A4BCE20AD0AC3009AD1EA /* PBXTargetDependency */ = {
			isa = PBXTargetDependency;
			target = 824A4BA720AD0AC3009AD1EA /* uitabel */;
			targetProxy = 824A4BCD20AD0AC3009AD1EA /* PBXContainerItemProxy */;
		};
/* End PBXTargetDependency section */

/* Begin PBXVariantGroup section */
		824A4BB420AD0AC3009AD1EA /* Main.storyboard */ = {
			isa = PBXVariantGroup;
			children = (
				824A4BB520AD0AC3009AD1EA /* Base */,
			);
			name = Main.storyboard;
			sourceTree = "<group>";
		};
		824A4BB920AD0AC3009AD1EA /* LaunchScreen.storyboard */ = {
			isa = PBXVariantGroup;
			children = (
				824A4BBA20AD0AC3009AD1EA /* Base */,
			);
			name = LaunchScreen.storyboard;
			sourceTree = "<group>";
		};
/* End PBXVariantGroup section */

/* Begin XCBuildConfiguration section */
		824A4BD320AD0AC3009AD1EA /* Debug */ = {
			isa = XCBuildConfiguration;
			buildSettings = {
				ALWAYS_SEARCH_USER_PATHS = NO;
				CLANG_ANALYZER_NONNULL = YES;
				CLANG_CXX_LANGUAGE_STANDARD = "gnu++0x";
				CLANG_CXX_LIBRARY = "libc++";
				CLANG_ENABLE_MODULES = YES;
				CLANG_ENABLE_OBJC_ARC = YES;
				CLANG_WARN_BOOL_CONVERSION = YES;
				CLANG_WARN_CONSTANT_CONVERSION = YES;
				CLANG_WARN_DIRECT_OBJC_ISA_USAGE = YES_ERROR;
				CLANG_WARN_EMPTY_BODY = YES;
				CLANG_WARN_ENUM_CONVERSION = YES;
				CLANG_WARN_INT_CONVERSION = YES;
				CLANG_WARN_OBJC_ROOT_CLASS = YES_ERROR;
				CLANG_WARN_UNREACHABLE_CODE = YES;
				CLANG_WARN__DUPLICATE_METHOD_MATCH = YES;
				"CODE_SIGN_IDENTITY[sdk=iphoneos*]" = "iPhone Developer";
				COPY_PHASE_STRIP = NO;
				DEBUG_INFORMATION_FORMAT = dwarf;
				ENABLE_STRICT_OBJC_MSGSEND = YES;
				ENABLE_TESTABILITY = YES;
				GCC_C_LANGUAGE_STANDARD = gnu99;
				GCC_DYNAMIC_NO_PIC = NO;
				GCC_NO_COMMON_BLOCKS = YES;
				GCC_OPTIMIZATION_LEVEL = 0;
				GCC_PREPROCESSOR_DEFINITIONS = (
					"DEBUG=1",
					"$(inherited)",
				);
				GCC_WARN_64_TO_32_BIT_CONVERSION = YES;
				GCC_WARN_ABOUT_RETURN_TYPE = YES_ERROR;
				GCC_WARN_UNDECLARED_SELECTOR = YES;
				GCC_WARN_UNINITIALIZED_AUTOS = YES_AGGRESSIVE;
				GCC_WARN_UNUSED_FUNCTION = YES;
				GCC_WARN_UNUSED_VARIABLE = YES;
				IPHONEOS_DEPLOYMENT_TARGET = 9.3;
				MTL_ENABLE_DEBUG_INFO = YES;
				ONLY_ACTIVE_ARCH = YES;
				SDKROOT = iphoneos;
				TARGETED_DEVICE_FAMILY = "1,2";
			};
			name = Debug;
		};
		824A4BD420AD0AC3009AD1EA /* Release */ = {
			isa = XCBuildConfiguration;
			buildSettings = {
				ALWAYS_SEARCH_USER_PATHS = NO;
				CLANG_ANALYZER_NONNULL = YES;
				CLANG_CXX_LANGUAGE_STANDARD = "gnu++0x";
				CLANG_CXX_LIBRARY = "libc++";
				CLANG_ENABLE_MODULES = YES;
				CLANG_ENABLE_OBJC_ARC = YES;
				CLANG_WARN_BOOL_CONVERSION = YES;
				CLANG_WARN_CONSTANT_CONVERSION = YES;
				CLANG_WARN_DIRECT_OBJC_ISA_USAGE = YES_ERROR;
				CLANG_WARN_EMPTY_BODY = YES;
				CLANG_WARN_ENUM_CONVERSION = YES;
				CLANG_WARN_INT_CONVERSION = YES;
				CLANG_WARN_OBJC_ROOT_CLASS = YES_ERROR;
				CLANG_WARN_UNREACHABLE_CODE = YES;
				CLANG_WARN__DUPLICATE_METHOD_MATCH = YES;
				"CODE_SIGN_IDENTITY[sdk=iphoneos*]" = "iPhone Developer";
				COPY_PHASE_STRIP = NO;
				DEBUG_INFORMATION_FORMAT = "dwarf-with-dsym";
				ENABLE_NS_ASSERTIONS = NO;
				ENABLE_STRICT_OBJC_MSGSEND = YES;
				GCC_C_LANGUAGE_STANDARD = gnu99;
				GCC_NO_COMMON_BLOCKS = YES;
				GCC_WARN_64_TO_32_BIT_CONVERSION = YES;
				GCC_WARN_ABOUT_RETURN_TYPE = YES_ERROR;
				GCC_WARN_UNDECLARED_SELECTOR = YES;
				GCC_WARN_UNINITIALIZED_AUTOS = YES_AGGRESSIVE;
				GCC_WARN_UNUSED_FUNCTION = YES;
				GCC_WARN_UNUSED_VARIABLE = YES;
				IPHONEOS_DEPLOYMENT_TARGET = 9.3;
				MTL_ENABLE_DEBUG_INFO = NO;
				SDKROOT = iphoneos;
				TARGETED_DEVICE_FAMILY = "1,2";
				VALIDATE_PRODUCT = YES;
			};
			name = Release;
		};
		824A4BD620AD0AC3009AD1EA /* Debug */ = {
			isa = XCBuildConfiguration;
			buildSettings = {
				ASSETCATALOG_COMPILER_APPICON_NAME = AppIcon;
				INFOPLIST_FILE = uitabel/Info.plist;
				LD_RUNPATH_SEARCH_PATHS = "$(inherited) @executable_path/Frameworks";
				PRODUCT_BUNDLE_IDENTIFIER = earth.uitabel;
				PRODUCT_NAME = "$(TARGET_NAME)";
			};
			name = Debug;
		};
		824A4BD720AD0AC3009AD1EA /* Release */ = {
			isa = XCBuildConfiguration;
			buildSettings = {
				ASSETCATALOG_COMPILER_APPICON_NAME = AppIcon;
				INFOPLIST_FILE = uitabel/Info.plist;
				LD_RUNPATH_SEARCH_PATHS = "$(inherited) @executable_path/Frameworks";
				PRODUCT_BUNDLE_IDENTIFIER = earth.uitabel;
				PRODUCT_NAME = "$(TARGET_NAME)";
			};
			name = Release;
		};
		824A4BD920AD0AC3009AD1EA /* Debug */ = {
			isa = XCBuildConfiguration;
			buildSettings = {
				BUNDLE_LOADER = "$(TEST_HOST)";
				INFOPLIST_FILE = uitabelTests/Info.plist;
				LD_RUNPATH_SEARCH_PATHS = "$(inherited) @executable_path/Frameworks @loader_path/Frameworks";
				PRODUCT_BUNDLE_IDENTIFIER = earth.uitabelTests;
				PRODUCT_NAME = "$(TARGET_NAME)";
				TEST_HOST = "$(BUILT_PRODUCTS_DIR)/uitabel.app/uitabel";
			};
			name = Debug;
		};
		824A4BDA20AD0AC3009AD1EA /* Release */ = {
			isa = XCBuildConfiguration;
			buildSettings = {
				BUNDLE_LOADER = "$(TEST_HOST)";
				INFOPLIST_FILE = uitabelTests/Info.plist;
				LD_RUNPATH_SEARCH_PATHS = "$(inherited) @executable_path/Frameworks @loader_path/Frameworks";
				PRODUCT_BUNDLE_IDENTIFIER = earth.uitabelTests;
				PRODUCT_NAME = "$(TARGET_NAME)";
				TEST_HOST = "$(BUILT_PRODUCTS_DIR)/uitabel.app/uitabel";
			};
			name = Release;
		};
		824A4BDC20AD0AC3009AD1EA /* Debug */ = {
			isa = XCBuildConfiguration;
			buildSettings = {
				INFOPLIST_FILE = uitabelUITests/Info.plist;
				LD_RUNPATH_SEARCH_PATHS = "$(inherited) @executable_path/Frameworks @loader_path/Frameworks";
				PRODUCT_BUNDLE_IDENTIFIER = earth.uitabelUITests;
				PRODUCT_NAME = "$(TARGET_NAME)";
				TEST_TARGET_NAME = uitabel;
			};
			name = Debug;
		};
		824A4BDD20AD0AC3009AD1EA /* Release */ = {
			isa = XCBuildConfiguration;
			buildSettings = {
				INFOPLIST_FILE = uitabelUITests/Info.plist;
				LD_RUNPATH_SEARCH_PATHS = "$(inherited) @executable_path/Frameworks @loader_path/Frameworks";
				PRODUCT_BUNDLE_IDENTIFIER = earth.uitabelUITests;
				PRODUCT_NAME = "$(TARGET_NAME)";
				TEST_TARGET_NAME = uitabel;
			};
			name = Release;
		};
/* End XCBuildConfiguration section */

/* Begin XCConfigurationList section */
		824A4BA320AD0AC3009AD1EA /* Build configuration list for PBXProject "uitabel" */ = {
			isa = XCConfigurationList;
			buildConfigurations = (
				824A4BD320AD0AC3009AD1EA /* Debug */,
				824A4BD420AD0AC3009AD1EA /* Release */,
			);
			defaultConfigurationIsVisible = 0;
			defaultConfigurationName = Release;
		};
		824A4BD520AD0AC3009AD1EA /* Build configuration list for PBXNativeTarget "uitabel" */ = {
			isa = XCConfigurationList;
			buildConfigurations = (
				824A4BD620AD0AC3009AD1EA /* Debug */,
				824A4BD720AD0AC3009AD1EA /* Release */,
			);
			defaultConfigurationIsVisible = 0;
		};
		824A4BD820AD0AC3009AD1EA /* Build configuration list for PBXNativeTarget "uitabelTests" */ = {
			isa = XCConfigurationList;
			buildConfigurations = (
				824A4BD920AD0AC3009AD1EA /* Debug */,
				824A4BDA20AD0AC3009AD1EA /* Release */,
			);
			defaultConfigurationIsVisible = 0;
		};
		824A4BDB20AD0AC3009AD1EA /* Build configuration list for PBXNativeTarget "uitabelUITests" */ = {
			isa = XCConfigurationList;
			buildConfigurations = (
				824A4BDC20AD0AC3009AD1EA /* Debug */,
				824A4BDD20AD0AC3009AD1EA /* Release */,
			);
			defaultConfigurationIsVisible = 0;
		};
/* End XCConfigurationList section */
	};
	rootObject = 824A4BA020AD0AC3009AD1EA /* Project object */;
}
