// !$*UTF8*$!
{
	archiveVersion = 1;
	classes = {
	};
	objectVersion = 46;
	objects = {

/* Begin PBXBuildFile section */
		82C2EE8420AD86EC00633030 /* main.m in Sources */ = {isa = PBXBuildFile; fileRef = 82C2EE8320AD86EC00633030 /* main.m */; };
		F78B76764CB02E3CF1C5F492 /* libPods-AfnetDemo.a in Frameworks */ = {isa = PBXBuildFile; fileRef = 13A65B366FCB6E2C4C9790BB /* libPods-AfnetDemo.a */; };
/* End PBXBuildFile section */

/* Begin PBXCopyFilesBuildPhase section */
		82C2EE7E20AD86EC00633030 /* CopyFiles */ = {
			isa = PBXCopyFilesBuildPhase;
			buildActionMask = 2147483647;
			dstPath = /usr/share/man/man1/;
			dstSubfolderSpec = 0;
			files = (
			);
			runOnlyForDeploymentPostprocessing = 1;
		};
/* End PBXCopyFilesBuildPhase section */

/* Begin PBXFileReference section */
		13A65B366FCB6E2C4C9790BB /* libPods-AfnetDemo.a */ = {isa = PBXFileReference; explicitFileType = archive.ar; includeInIndex = 0; path = "libPods-AfnetDemo.a"; sourceTree = BUILT_PRODUCTS_DIR; };
		659A5691E6B9550851633A93 /* Pods-AfnetDemo.release.xcconfig */ = {isa = PBXFileReference; includeInIndex = 1; lastKnownFileType = text.xcconfig; name = "Pods-AfnetDemo.release.xcconfig"; path = "Pods/Target Support Files/Pods-AfnetDemo/Pods-AfnetDemo.release.xcconfig"; sourceTree = "<group>"; };
		82C2EE8020AD86EC00633030 /* AfnetDemo */ = {isa = PBXFileReference; explicitFileType = "compiled.mach-o.executable"; includeInIndex = 0; path = AfnetDemo; sourceTree = BUILT_PRODUCTS_DIR; };
		82C2EE8320AD86EC00633030 /* main.m */ = {isa = PBXFileReference; lastKnownFileType = sourcecode.c.objc; path = main.m; sourceTree = "<group>"; };
		92D02532BC8689F6221E4E60 /* Pods-AfnetDemo.debug.xcconfig */ = {isa = PBXFileReference; includeInIndex = 1; lastKnownFileType = text.xcconfig; name = "Pods-AfnetDemo.debug.xcconfig"; path = "Pods/Target Support Files/Pods-AfnetDemo/Pods-AfnetDemo.debug.xcconfig"; sourceTree = "<group>"; };
/* End PBXFileReference section */

/* Begin PBXFrameworksBuildPhase section */
		82C2EE7D20AD86EC00633030 /* Frameworks */ = {
			isa = PBXFrameworksBuildPhase;
			buildActionMask = 2147483647;
			files = (
				F78B76764CB02E3CF1C5F492 /* libPods-AfnetDemo.a in Frameworks */,
			);
			runOnlyForDeploymentPostprocessing = 0;
		};
/* End PBXFrameworksBuildPhase section */

/* Begin PBXGroup section */
		78324A6B2DB927B145822175 /* Pods */ = {
			isa = PBXGroup;
			children = (
				92D02532BC8689F6221E4E60 /* Pods-AfnetDemo.debug.xcconfig */,
				659A5691E6B9550851633A93 /* Pods-AfnetDemo.release.xcconfig */,
			);
			name = Pods;
			sourceTree = "<group>";
		};
		82C2EE7720AD86EC00633030 = {
			isa = PBXGroup;
			children = (
				82C2EE8220AD86EC00633030 /* AfnetDemo */,
				82C2EE8120AD86EC00633030 /* Products */,
				78324A6B2DB927B145822175 /* Pods */,
				C5C3A670AD9730F9DDC80013 /* Frameworks */,
			);
			sourceTree = "<group>";
		};
		82C2EE8120AD86EC00633030 /* Products */ = {
			isa = PBXGroup;
			children = (
				82C2EE8020AD86EC00633030 /* AfnetDemo */,
			);
			name = Products;
			sourceTree = "<group>";
		};
		82C2EE8220AD86EC00633030 /* AfnetDemo */ = {
			isa = PBXGroup;
			children = (
				82C2EE8320AD86EC00633030 /* main.m */,
			);
			path = AfnetDemo;
			sourceTree = "<group>";
		};
		C5C3A670AD9730F9DDC80013 /* Frameworks */ = {
			isa = PBXGroup;
			children = (
				13A65B366FCB6E2C4C9790BB /* libPods-AfnetDemo.a */,
			);
			name = Frameworks;
			sourceTree = "<group>";
		};
/* End PBXGroup section */

/* Begin PBXNativeTarget section */
		82C2EE7F20AD86EC00633030 /* AfnetDemo */ = {
			isa = PBXNativeTarget;
			buildConfigurationList = 82C2EE8720AD86EC00633030 /* Build configuration list for PBXNativeTarget "AfnetDemo" */;
			buildPhases = (
				53F9DCC4451B5D93607E8982 /* [CP] Check Pods Manifest.lock */,
				82C2EE7C20AD86EC00633030 /* Sources */,
				82C2EE7D20AD86EC00633030 /* Frameworks */,
				82C2EE7E20AD86EC00633030 /* CopyFiles */,
			);
			buildRules = (
			);
			dependencies = (
			);
			name = AfnetDemo;
			productName = AfnetDemo;
			productReference = 82C2EE8020AD86EC00633030 /* AfnetDemo */;
			productType = "com.apple.product-type.tool";
		};
/* End PBXNativeTarget section */

/* Begin PBXProject section */
		82C2EE7820AD86EC00633030 /* Project object */ = {
			isa = PBXProject;
			attributes = {
				LastUpgradeCheck = 0730;
				ORGANIZATIONNAME = mofeioo;
				TargetAttributes = {
					82C2EE7F20AD86EC00633030 = {
						CreatedOnToolsVersion = 7.3.1;
					};
				};
			};
			buildConfigurationList = 82C2EE7B20AD86EC00633030 /* Build configuration list for PBXProject "AfnetDemo" */;
			compatibilityVersion = "Xcode 3.2";
			developmentRegion = English;
			hasScannedForEncodings = 0;
			knownRegions = (
				en,
			);
			mainGroup = 82C2EE7720AD86EC00633030;
			productRefGroup = 82C2EE8120AD86EC00633030 /* Products */;
			projectDirPath = "";
			projectRoot = "";
			targets = (
				82C2EE7F20AD86EC00633030 /* AfnetDemo */,
			);
		};
/* End PBXProject section */

/* Begin PBXShellScriptBuildPhase section */
		53F9DCC4451B5D93607E8982 /* [CP] Check Pods Manifest.lock */ = {
			isa = PBXShellScriptBuildPhase;
			buildActionMask = 2147483647;
			files = (
			);
			inputPaths = (
				"${PODS_PODFILE_DIR_PATH}/Podfile.lock",
				"${PODS_ROOT}/Manifest.lock",
			);
			name = "[CP] Check Pods Manifest.lock";
			outputPaths = (
				"$(DERIVED_FILE_DIR)/Pods-AfnetDemo-checkManifestLockResult.txt",
			);
			runOnlyForDeploymentPostprocessing = 0;
			shellPath = /bin/sh;
			shellScript = "diff \"${PODS_PODFILE_DIR_PATH}/Podfile.lock\" \"${PODS_ROOT}/Manifest.lock\" > /dev/null\nif [ $? != 0 ] ; then\n    # print error to STDERR\n    echo \"error: The sandbox is not in sync with the Podfile.lock. Run 'pod install' or update your CocoaPods installation.\" >&2\n    exit 1\nfi\n# This output is used by Xcode 'outputs' to avoid re-running this script phase.\necho \"SUCCESS\" > \"${SCRIPT_OUTPUT_FILE_0}\"\n";
			showEnvVarsInLog = 0;
		};
/* End PBXShellScriptBuildPhase section */

/* Begin PBXSourcesBuildPhase section */
		82C2EE7C20AD86EC00633030 /* Sources */ = {
			isa = PBXSourcesBuildPhase;
			buildActionMask = 2147483647;
			files = (
				82C2EE8420AD86EC00633030 /* main.m in Sources */,
			);
			runOnlyForDeploymentPostprocessing = 0;
		};
/* End PBXSourcesBuildPhase section */

/* Begin XCBuildConfiguration section */
		82C2EE8520AD86EC00633030 /* Debug */ = {
			isa = XCBuildConfiguration;
			buildSettings = {
				ALWAYS_SEARCH_USER_PATHS = NO;
				CLANG_ANALYZER_NONNULL = YES;
				CLANG_CXX_LANGUAGE_STANDARD = "gnu++0x";
				CLANG_CXX_LIBRARY = "libc++";
				CLANG_ENABLE_MODULES = YES;
				CLANG_ENABLE_OBJC_ARC = YES;
				CLANG_WARN_BOOL_CONVERSION = YES;
				CLANG_WARN_CONSTANT_CONVERSION = YES;
				CLANG_WARN_DIRECT_OBJC_ISA_USAGE = YES_ERROR;
				CLANG_WARN_EMPTY_BODY = YES;
				CLANG_WARN_ENUM_CONVERSION = YES;
				CLANG_WARN_INT_CONVERSION = YES;
				CLANG_WARN_OBJC_ROOT_CLASS = YES_ERROR;
				CLANG_WARN_UNREACHABLE_CODE = YES;
				CLANG_WARN__DUPLICATE_METHOD_MATCH = YES;
				CODE_SIGN_IDENTITY = "-";
				COPY_PHASE_STRIP = NO;
				DEBUG_INFORMATION_FORMAT = dwarf;
				ENABLE_STRICT_OBJC_MSGSEND = YES;
				ENABLE_TESTABILITY = YES;
				GCC_C_LANGUAGE_STANDARD = gnu99;
				GCC_DYNAMIC_NO_PIC = NO;
				GCC_NO_COMMON_BLOCKS = YES;
				GCC_OPTIMIZATION_LEVEL = 0;
				GCC_PREPROCESSOR_DEFINITIONS = (
					"DEBUG=1",
					"$(inherited)",
				);
				GCC_WARN_64_TO_32_BIT_CONVERSION = YES;
				GCC_WARN_ABOUT_RETURN_TYPE = YES_ERROR;
				GCC_WARN_UNDECLARED_SELECTOR = YES;
				GCC_WARN_UNINITIALIZED_AUTOS = YES_AGGRESSIVE;
				GCC_WARN_UNUSED_FUNCTION = YES;
				GCC_WARN_UNUSED_VARIABLE = YES;
				MACOSX_DEPLOYMENT_TARGET = 10.11;
				MTL_ENABLE_DEBUG_INFO = YES;
				ONLY_ACTIVE_ARCH = YES;
				SDKROOT = macosx;
			};
			name = Debug;
		};
		82C2EE8620AD86EC00633030 /* Release */ = {
			isa = XCBuildConfiguration;
			buildSettings = {
				ALWAYS_SEARCH_USER_PATHS = NO;
				CLANG_ANALYZER_NONNULL = YES;
				CLANG_CXX_LANGUAGE_STANDARD = "gnu++0x";
				CLANG_CXX_LIBRARY = "libc++";
				CLANG_ENABLE_MODULES = YES;
				CLANG_ENABLE_OBJC_ARC = YES;
				CLANG_WARN_BOOL_CONVERSION = YES;
				CLANG_WARN_CONSTANT_CONVERSION = YES;
				CLANG_WARN_DIRECT_OBJC_ISA_USAGE = YES_ERROR;
				CLANG_WARN_EMPTY_BODY = YES;
				CLANG_WARN_ENUM_CONVERSION = YES;
				CLANG_WARN_INT_CONVERSION = YES;
				CLANG_WARN_OBJC_ROOT_CLASS = YES_ERROR;
				CLANG_WARN_UNREACHABLE_CODE = YES;
				CLANG_WARN__DUPLICATE_METHOD_MATCH = YES;
				CODE_SIGN_IDENTITY = "-";
				COPY_PHASE_STRIP = NO;
				DEBUG_INFORMATION_FORMAT = "dwarf-with-dsym";
				ENABLE_NS_ASSERTIONS = NO;
				ENABLE_STRICT_OBJC_MSGSEND = YES;
				GCC_C_LANGUAGE_STANDARD = gnu99;
				GCC_NO_COMMON_BLOCKS = YES;
				GCC_WARN_64_TO_32_BIT_CONVERSION = YES;
				GCC_WARN_ABOUT_RETURN_TYPE = YES_ERROR;
				GCC_WARN_UNDECLARED_SELECTOR = YES;
				GCC_WARN_UNINITIALIZED_AUTOS = YES_AGGRESSIVE;
				GCC_WARN_UNUSED_FUNCTION = YES;
				GCC_WARN_UNUSED_VARIABLE = YES;
				MACOSX_DEPLOYMENT_TARGET = 10.11;
				MTL_ENABLE_DEBUG_INFO = NO;
				SDKROOT = macosx;
			};
			name = Release;
		};
		82C2EE8820AD86EC00633030 /* Debug */ = {
			isa = XCBuildConfiguration;
			baseConfigurationReference = 92D02532BC8689F6221E4E60 /* Pods-AfnetDemo.debug.xcconfig */;
			buildSettings = {
				PRODUCT_NAME = "$(TARGET_NAME)";
			};
			name = Debug;
		};
		82C2EE8920AD86EC00633030 /* Release */ = {
			isa = XCBuildConfiguration;
			baseConfigurationReference = 659A5691E6B9550851633A93 /* Pods-AfnetDemo.release.xcconfig */;
			buildSettings = {
				PRODUCT_NAME = "$(TARGET_NAME)";
			};
			name = Release;
		};
/* End XCBuildConfiguration section */

/* Begin XCConfigurationList section */
		82C2EE7B20AD86EC00633030 /* Build configuration list for PBXProject "AfnetDemo" */ = {
			isa = XCConfigurationList;
			buildConfigurations = (
				82C2EE8520AD86EC00633030 /* Debug */,
				82C2EE8620AD86EC00633030 /* Release */,
			);
			defaultConfigurationIsVisible = 0;
			defaultConfigurationName = Release;
		};
		82C2EE8720AD86EC00633030 /* Build configuration list for PBXNativeTarget "AfnetDemo" */ = {
			isa = XCConfigurationList;
			buildConfigurations = (
				82C2EE8820AD86EC00633030 /* Debug */,
				82C2EE8920AD86EC00633030 /* Release */,
			);
			defaultConfigurationIsVisible = 0;
		};
/* End XCConfigurationList section */
	};
	rootObject = 82C2EE7820AD86EC00633030 /* Project object */;
}
