// !$*UTF8*$!
{
	archiveVersion = 1;
	classes = {
	};
	objectVersion = 46;
	objects = {

/* Begin PBXBuildFile section */
		828B540D20ABDD6000CA1AC2 /* main.m in Sources */ = {isa = PBXBuildFile; fileRef = 828B540C20ABDD6000CA1AC2 /* main.m */; };
		828B541020ABDD6000CA1AC2 /* AppDelegate.m in Sources */ = {isa = PBXBuildFile; fileRef = 828B540F20ABDD6000CA1AC2 /* AppDelegate.m */; };
		828B541620ABDD6000CA1AC2 /* Main.storyboard in Resources */ = {isa = PBXBuildFile; fileRef = 828B541420ABDD6000CA1AC2 /* Main.storyboard */; };
		828B541820ABDD6100CA1AC2 /* Assets.xcassets in Resources */ = {isa = PBXBuildFile; fileRef = 828B541720ABDD6100CA1AC2 /* Assets.xcassets */; };
		828B541B20ABDD6100CA1AC2 /* LaunchScreen.storyboard in Resources */ = {isa = PBXBuildFile; fileRef = 828B541920ABDD6100CA1AC2 /* LaunchScreen.storyboard */; };
		828B542620ABDD6100CA1AC2 /* tablecellTests.m in Sources */ = {isa = PBXBuildFile; fileRef = 828B542520ABDD6100CA1AC2 /* tablecellTests.m */; };
		828B543120ABDD6100CA1AC2 /* tablecellUITests.m in Sources */ = {isa = PBXBuildFile; fileRef = 828B543020ABDD6100CA1AC2 /* tablecellUITests.m */; };
		828B544420ABDDB600CA1AC2 /* TableViewCell.m in Sources */ = {isa = PBXBuildFile; fileRef = 828B543F20ABDDB600CA1AC2 /* TableViewCell.m */; };
		828B544520ABDDB600CA1AC2 /* TableViewCell.m in Sources */ = {isa = PBXBuildFile; fileRef = 828B543F20ABDDB600CA1AC2 /* TableViewCell.m */; };
		828B544620ABDDB600CA1AC2 /* TableViewCell.m in Sources */ = {isa = PBXBuildFile; fileRef = 828B543F20ABDDB600CA1AC2 /* TableViewCell.m */; };
		828B544720ABDDB600CA1AC2 /* TableViewController.m in Sources */ = {isa = PBXBuildFile; fileRef = 828B544120ABDDB600CA1AC2 /* TableViewController.m */; };
		828B544820ABDDB600CA1AC2 /* TableViewController.m in Sources */ = {isa = PBXBuildFile; fileRef = 828B544120ABDDB600CA1AC2 /* TableViewController.m */; };
		828B544920ABDDB600CA1AC2 /* TableViewController.m in Sources */ = {isa = PBXBuildFile; fileRef = 828B544120ABDDB600CA1AC2 /* TableViewController.m */; };
		828B544F20ABE1BA00CA1AC2 /* banner.jpg in Resources */ = {isa = PBXBuildFile; fileRef = 828B544E20ABE1BA00CA1AC2 /* banner.jpg */; };
/* End PBXBuildFile section */

/* Begin PBXContainerItemProxy section */
		828B542220ABDD6100CA1AC2 /* PBXContainerItemProxy */ = {
			isa = PBXContainerItemProxy;
			containerPortal = 828B540020ABDD6000CA1AC2 /* Project object */;
			proxyType = 1;
			remoteGlobalIDString = 828B540720ABDD6000CA1AC2;
			remoteInfo = tablecell;
		};
		828B542D20ABDD6100CA1AC2 /* PBXContainerItemProxy */ = {
			isa = PBXContainerItemProxy;
			containerPortal = 828B540020ABDD6000CA1AC2 /* Project object */;
			proxyType = 1;
			remoteGlobalIDString = 828B540720ABDD6000CA1AC2;
			remoteInfo = tablecell;
		};
/* End PBXContainerItemProxy section */

/* Begin PBXFileReference section */
		828B540820ABDD6000CA1AC2 /* tablecell.app */ = {isa = PBXFileReference; explicitFileType = wrapper.application; includeInIndex = 0; path = tablecell.app; sourceTree = BUILT_PRODUCTS_DIR; };
		828B540C20ABDD6000CA1AC2 /* main.m */ = {isa = PBXFileReference; lastKnownFileType = sourcecode.c.objc; path = main.m; sourceTree = "<group>"; };
		828B540E20ABDD6000CA1AC2 /* AppDelegate.h */ = {isa = PBXFileReference; lastKnownFileType = sourcecode.c.h; path = AppDelegate.h; sourceTree = "<group>"; };
		828B540F20ABDD6000CA1AC2 /* AppDelegate.m */ = {isa = PBXFileReference; lastKnownFileType = sourcecode.c.objc; path = AppDelegate.m; sourceTree = "<group>"; };
		828B541520ABDD6000CA1AC2 /* Base */ = {isa = PBXFileReference; lastKnownFileType = file.storyboard; name = Base; path = Base.lproj/Main.storyboard; sourceTree = "<group>"; };
		828B541720ABDD6100CA1AC2 /* Assets.xcassets */ = {isa = PBXFileReference; lastKnownFileType = folder.assetcatalog; path = Assets.xcassets; sourceTree = "<group>"; };
		828B541A20ABDD6100CA1AC2 /* Base */ = {isa = PBXFileReference; lastKnownFileType = file.storyboard; name = Base; path = Base.lproj/LaunchScreen.storyboard; sourceTree = "<group>"; };
		828B541C20ABDD6100CA1AC2 /* Info.plist */ = {isa = PBXFileReference; lastKnownFileType = text.plist.xml; path = Info.plist; sourceTree = "<group>"; };
		828B542120ABDD6100CA1AC2 /* tablecellTests.xctest */ = {isa = PBXFileReference; explicitFileType = wrapper.cfbundle; includeInIndex = 0; path = tablecellTests.xctest; sourceTree = BUILT_PRODUCTS_DIR; };
		828B542520ABDD6100CA1AC2 /* tablecellTests.m */ = {isa = PBXFileReference; lastKnownFileType = sourcecode.c.objc; path = tablecellTests.m; sourceTree = "<group>"; };
		828B542720ABDD6100CA1AC2 /* Info.plist */ = {isa = PBXFileReference; lastKnownFileType = text.plist.xml; path = Info.plist; sourceTree = "<group>"; };
		828B542C20ABDD6100CA1AC2 /* tablecellUITests.xctest */ = {isa = PBXFileReference; explicitFileType = wrapper.cfbundle; includeInIndex = 0; path = tablecellUITests.xctest; sourceTree = BUILT_PRODUCTS_DIR; };
		828B543020ABDD6100CA1AC2 /* tablecellUITests.m */ = {isa = PBXFileReference; lastKnownFileType = sourcecode.c.objc; path = tablecellUITests.m; sourceTree = "<group>"; };
		828B543220ABDD6100CA1AC2 /* Info.plist */ = {isa = PBXFileReference; lastKnownFileType = text.plist.xml; path = Info.plist; sourceTree = "<group>"; };
		828B543E20ABDDB600CA1AC2 /* TableViewCell.h */ = {isa = PBXFileReference; fileEncoding = 4; lastKnownFileType = sourcecode.c.h; name = TableViewCell.h; path = ../../../../../../Downloads/CellDemo/CellDemo/TableViewCell.h; sourceTree = "<group>"; };
		828B543F20ABDDB600CA1AC2 /* TableViewCell.m */ = {isa = PBXFileReference; fileEncoding = 4; lastKnownFileType = sourcecode.c.objc; name = TableViewCell.m; path = ../../../../../../Downloads/CellDemo/CellDemo/TableViewCell.m; sourceTree = "<group>"; };
		828B544020ABDDB600CA1AC2 /* TableViewController.h */ = {isa = PBXFileReference; fileEncoding = 4; lastKnownFileType = sourcecode.c.h; name = TableViewController.h; path = ../../../../../../Downloads/CellDemo/CellDemo/TableViewController.h; sourceTree = "<group>"; };
		828B544120ABDDB600CA1AC2 /* TableViewController.m */ = {isa = PBXFileReference; fileEncoding = 4; lastKnownFileType = sourcecode.c.objc; name = TableViewController.m; path = ../../../../../../Downloads/CellDemo/CellDemo/TableViewController.m; sourceTree = "<group>"; };
		828B544E20ABE1BA00CA1AC2 /* banner.jpg */ = {isa = PBXFileReference; lastKnownFileType = image.jpeg; name = banner.jpg; path = ../../../../../../Downloads/banner.jpg; sourceTree = "<group>"; };
/* End PBXFileReference section */

/* Begin PBXFrameworksBuildPhase section */
		828B540520ABDD6000CA1AC2 /* Frameworks */ = {
			isa = PBXFrameworksBuildPhase;
			buildActionMask = 2147483647;
			files = (
			);
			runOnlyForDeploymentPostprocessing = 0;
		};
		828B541E20ABDD6100CA1AC2 /* Frameworks */ = {
			isa = PBXFrameworksBuildPhase;
			buildActionMask = 2147483647;
			files = (
			);
			runOnlyForDeploymentPostprocessing = 0;
		};
		828B542920ABDD6100CA1AC2 /* Frameworks */ = {
			isa = PBXFrameworksBuildPhase;
			buildActionMask = 2147483647;
			files = (
			);
			runOnlyForDeploymentPostprocessing = 0;
		};
/* End PBXFrameworksBuildPhase section */

/* Begin PBXGroup section */
		828B53FF20ABDD6000CA1AC2 = {
			isa = PBXGroup;
			children = (
				828B540A20ABDD6000CA1AC2 /* tablecell */,
				828B542420ABDD6100CA1AC2 /* tablecellTests */,
				828B542F20ABDD6100CA1AC2 /* tablecellUITests */,
				828B540920ABDD6000CA1AC2 /* Products */,
			);
			sourceTree = "<group>";
		};
		828B540920ABDD6000CA1AC2 /* Products */ = {
			isa = PBXGroup;
			children = (
				828B540820ABDD6000CA1AC2 /* tablecell.app */,
				828B542120ABDD6100CA1AC2 /* tablecellTests.xctest */,
				828B542C20ABDD6100CA1AC2 /* tablecellUITests.xctest */,
			);
			name = Products;
			sourceTree = "<group>";
		};
		828B540A20ABDD6000CA1AC2 /* tablecell */ = {
			isa = PBXGroup;
			children = (
				828B544D20ABE15100CA1AC2 /* image */,
				828B543E20ABDDB600CA1AC2 /* TableViewCell.h */,
				828B543F20ABDDB600CA1AC2 /* TableViewCell.m */,
				828B544020ABDDB600CA1AC2 /* TableViewController.h */,
				828B544120ABDDB600CA1AC2 /* TableViewController.m */,
				828B540E20ABDD6000CA1AC2 /* AppDelegate.h */,
				828B540F20ABDD6000CA1AC2 /* AppDelegate.m */,
				828B541420ABDD6000CA1AC2 /* Main.storyboard */,
				828B541720ABDD6100CA1AC2 /* Assets.xcassets */,
				828B541920ABDD6100CA1AC2 /* LaunchScreen.storyboard */,
				828B541C20ABDD6100CA1AC2 /* Info.plist */,
				828B540B20ABDD6000CA1AC2 /* Supporting Files */,
			);
			path = tablecell;
			sourceTree = "<group>";
		};
		828B540B20ABDD6000CA1AC2 /* Supporting Files */ = {
			isa = PBXGroup;
			children = (
				828B540C20ABDD6000CA1AC2 /* main.m */,
			);
			name = "Supporting Files";
			sourceTree = "<group>";
		};
		828B542420ABDD6100CA1AC2 /* tablecellTests */ = {
			isa = PBXGroup;
			children = (
				828B542520ABDD6100CA1AC2 /* tablecellTests.m */,
				828B542720ABDD6100CA1AC2 /* Info.plist */,
			);
			path = tablecellTests;
			sourceTree = "<group>";
		};
		828B542F20ABDD6100CA1AC2 /* tablecellUITests */ = {
			isa = PBXGroup;
			children = (
				828B543020ABDD6100CA1AC2 /* tablecellUITests.m */,
				828B543220ABDD6100CA1AC2 /* Info.plist */,
			);
			path = tablecellUITests;
			sourceTree = "<group>";
		};
		828B544D20ABE15100CA1AC2 /* image */ = {
			isa = PBXGroup;
			children = (
				828B544E20ABE1BA00CA1AC2 /* banner.jpg */,
			);
			name = image;
			sourceTree = "<group>";
		};
/* End PBXGroup section */

/* Begin PBXNativeTarget section */
		828B540720ABDD6000CA1AC2 /* tablecell */ = {
			isa = PBXNativeTarget;
			buildConfigurationList = 828B543520ABDD6100CA1AC2 /* Build configuration list for PBXNativeTarget "tablecell" */;
			buildPhases = (
				828B540420ABDD6000CA1AC2 /* Sources */,
				828B540520ABDD6000CA1AC2 /* Frameworks */,
				828B540620ABDD6000CA1AC2 /* Resources */,
			);
			buildRules = (
			);
			dependencies = (
			);
			name = tablecell;
			productName = tablecell;
			productReference = 828B540820ABDD6000CA1AC2 /* tablecell.app */;
			productType = "com.apple.product-type.application";
		};
		828B542020ABDD6100CA1AC2 /* tablecellTests */ = {
			isa = PBXNativeTarget;
			buildConfigurationList = 828B543820ABDD6100CA1AC2 /* Build configuration list for PBXNativeTarget "tablecellTests" */;
			buildPhases = (
				828B541D20ABDD6100CA1AC2 /* Sources */,
				828B541E20ABDD6100CA1AC2 /* Frameworks */,
				828B541F20ABDD6100CA1AC2 /* Resources */,
			);
			buildRules = (
			);
			dependencies = (
				828B542320ABDD6100CA1AC2 /* PBXTargetDependency */,
			);
			name = tablecellTests;
			productName = tablecellTests;
			productReference = 828B542120ABDD6100CA1AC2 /* tablecellTests.xctest */;
			productType = "com.apple.product-type.bundle.unit-test";
		};
		828B542B20ABDD6100CA1AC2 /* tablecellUITests */ = {
			isa = PBXNativeTarget;
			buildConfigurationList = 828B543B20ABDD6100CA1AC2 /* Build configuration list for PBXNativeTarget "tablecellUITests" */;
			buildPhases = (
				828B542820ABDD6100CA1AC2 /* Sources */,
				828B542920ABDD6100CA1AC2 /* Frameworks */,
				828B542A20ABDD6100CA1AC2 /* Resources */,
			);
			buildRules = (
			);
			dependencies = (
				828B542E20ABDD6100CA1AC2 /* PBXTargetDependency */,
			);
			name = tablecellUITests;
			productName = tablecellUITests;
			productReference = 828B542C20ABDD6100CA1AC2 /* tablecellUITests.xctest */;
			productType = "com.apple.product-type.bundle.ui-testing";
		};
/* End PBXNativeTarget section */

/* Begin PBXProject section */
		828B540020ABDD6000CA1AC2 /* Project object */ = {
			isa = PBXProject;
			attributes = {
				LastUpgradeCheck = 0730;
				ORGANIZATIONNAME = mofeioo;
				TargetAttributes = {
					828B540720ABDD6000CA1AC2 = {
						CreatedOnToolsVersion = 7.3.1;
					};
					828B542020ABDD6100CA1AC2 = {
						CreatedOnToolsVersion = 7.3.1;
						TestTargetID = 828B540720ABDD6000CA1AC2;
					};
					828B542B20ABDD6100CA1AC2 = {
						CreatedOnToolsVersion = 7.3.1;
						TestTargetID = 828B540720ABDD6000CA1AC2;
					};
				};
			};
			buildConfigurationList = 828B540320ABDD6000CA1AC2 /* Build configuration list for PBXProject "tablecell" */;
			compatibilityVersion = "Xcode 3.2";
			developmentRegion = English;
			hasScannedForEncodings = 0;
			knownRegions = (
				en,
				Base,
			);
			mainGroup = 828B53FF20ABDD6000CA1AC2;
			productRefGroup = 828B540920ABDD6000CA1AC2 /* Products */;
			projectDirPath = "";
			projectRoot = "";
			targets = (
				828B540720ABDD6000CA1AC2 /* tablecell */,
				828B542020ABDD6100CA1AC2 /* tablecellTests */,
				828B542B20ABDD6100CA1AC2 /* tablecellUITests */,
			);
		};
/* End PBXProject section */

/* Begin PBXResourcesBuildPhase section */
		828B540620ABDD6000CA1AC2 /* Resources */ = {
			isa = PBXResourcesBuildPhase;
			buildActionMask = 2147483647;
			files = (
				828B541B20ABDD6100CA1AC2 /* LaunchScreen.storyboard in Resources */,
				828B541820ABDD6100CA1AC2 /* Assets.xcassets in Resources */,
				828B541620ABDD6000CA1AC2 /* Main.storyboard in Resources */,
				828B544F20ABE1BA00CA1AC2 /* banner.jpg in Resources */,
			);
			runOnlyForDeploymentPostprocessing = 0;
		};
		828B541F20ABDD6100CA1AC2 /* Resources */ = {
			isa = PBXResourcesBuildPhase;
			buildActionMask = 2147483647;
			files = (
			);
			runOnlyForDeploymentPostprocessing = 0;
		};
		828B542A20ABDD6100CA1AC2 /* Resources */ = {
			isa = PBXResourcesBuildPhase;
			buildActionMask = 2147483647;
			files = (
			);
			runOnlyForDeploymentPostprocessing = 0;
		};
/* End PBXResourcesBuildPhase section */

/* Begin PBXSourcesBuildPhase section */
		828B540420ABDD6000CA1AC2 /* Sources */ = {
			isa = PBXSourcesBuildPhase;
			buildActionMask = 2147483647;
			files = (
				828B544420ABDDB600CA1AC2 /* TableViewCell.m in Sources */,
				828B541020ABDD6000CA1AC2 /* AppDelegate.m in Sources */,
				828B544720ABDDB600CA1AC2 /* TableViewController.m in Sources */,
				828B540D20ABDD6000CA1AC2 /* main.m in Sources */,
			);
			runOnlyForDeploymentPostprocessing = 0;
		};
		828B541D20ABDD6100CA1AC2 /* Sources */ = {
			isa = PBXSourcesBuildPhase;
			buildActionMask = 2147483647;
			files = (
				828B542620ABDD6100CA1AC2 /* tablecellTests.m in Sources */,
				828B544820ABDDB600CA1AC2 /* TableViewController.m in Sources */,
				828B544520ABDDB600CA1AC2 /* TableViewCell.m in Sources */,
			);
			runOnlyForDeploymentPostprocessing = 0;
		};
		828B542820ABDD6100CA1AC2 /* Sources */ = {
			isa = PBXSourcesBuildPhase;
			buildActionMask = 2147483647;
			files = (
				828B543120ABDD6100CA1AC2 /* tablecellUITests.m in Sources */,
				828B544920ABDDB600CA1AC2 /* TableViewController.m in Sources */,
				828B544620ABDDB600CA1AC2 /* TableViewCell.m in Sources */,
			);
			runOnlyForDeploymentPostprocessing = 0;
		};
/* End PBXSourcesBuildPhase section */

/* Begin PBXTargetDependency section */
		828B542320ABDD6100CA1AC2 /* PBXTargetDependency */ = {
			isa = PBXTargetDependency;
			target = 828B540720ABDD6000CA1AC2 /* tablecell */;
			targetProxy = 828B542220ABDD6100CA1AC2 /* PBXContainerItemProxy */;
		};
		828B542E20ABDD6100CA1AC2 /* PBXTargetDependency */ = {
			isa = PBXTargetDependency;
			target = 828B540720ABDD6000CA1AC2 /* tablecell */;
			targetProxy = 828B542D20ABDD6100CA1AC2 /* PBXContainerItemProxy */;
		};
/* End PBXTargetDependency section */

/* Begin PBXVariantGroup section */
		828B541420ABDD6000CA1AC2 /* Main.storyboard */ = {
			isa = PBXVariantGroup;
			children = (
				828B541520ABDD6000CA1AC2 /* Base */,
			);
			name = Main.storyboard;
			sourceTree = "<group>";
		};
		828B541920ABDD6100CA1AC2 /* LaunchScreen.storyboard */ = {
			isa = PBXVariantGroup;
			children = (
				828B541A20ABDD6100CA1AC2 /* Base */,
			);
			name = LaunchScreen.storyboard;
			sourceTree = "<group>";
		};
/* End PBXVariantGroup section */

/* Begin XCBuildConfiguration section */
		828B543320ABDD6100CA1AC2 /* Debug */ = {
			isa = XCBuildConfiguration;
			buildSettings = {
				ALWAYS_SEARCH_USER_PATHS = NO;
				CLANG_ANALYZER_NONNULL = YES;
				CLANG_CXX_LANGUAGE_STANDARD = "gnu++0x";
				CLANG_CXX_LIBRARY = "libc++";
				CLANG_ENABLE_MODULES = YES;
				CLANG_ENABLE_OBJC_ARC = YES;
				CLANG_WARN_BOOL_CONVERSION = YES;
				CLANG_WARN_CONSTANT_CONVERSION = YES;
				CLANG_WARN_DIRECT_OBJC_ISA_USAGE = YES_ERROR;
				CLANG_WARN_EMPTY_BODY = YES;
				CLANG_WARN_ENUM_CONVERSION = YES;
				CLANG_WARN_INT_CONVERSION = YES;
				CLANG_WARN_OBJC_ROOT_CLASS = YES_ERROR;
				CLANG_WARN_UNREACHABLE_CODE = YES;
				CLANG_WARN__DUPLICATE_METHOD_MATCH = YES;
				"CODE_SIGN_IDENTITY[sdk=iphoneos*]" = "iPhone Developer";
				COPY_PHASE_STRIP = NO;
				DEBUG_INFORMATION_FORMAT = dwarf;
				ENABLE_STRICT_OBJC_MSGSEND = YES;
				ENABLE_TESTABILITY = YES;
				GCC_C_LANGUAGE_STANDARD = gnu99;
				GCC_DYNAMIC_NO_PIC = NO;
				GCC_NO_COMMON_BLOCKS = YES;
				GCC_OPTIMIZATION_LEVEL = 0;
				GCC_PREPROCESSOR_DEFINITIONS = (
					"DEBUG=1",
					"$(inherited)",
				);
				GCC_WARN_64_TO_32_BIT_CONVERSION = YES;
				GCC_WARN_ABOUT_RETURN_TYPE = YES_ERROR;
				GCC_WARN_UNDECLARED_SELECTOR = YES;
				GCC_WARN_UNINITIALIZED_AUTOS = YES_AGGRESSIVE;
				GCC_WARN_UNUSED_FUNCTION = YES;
				GCC_WARN_UNUSED_VARIABLE = YES;
				IPHONEOS_DEPLOYMENT_TARGET = 9.3;
				MTL_ENABLE_DEBUG_INFO = YES;
				ONLY_ACTIVE_ARCH = YES;
				SDKROOT = iphoneos;
				TARGETED_DEVICE_FAMILY = "1,2";
			};
			name = Debug;
		};
		828B543420ABDD6100CA1AC2 /* Release */ = {
			isa = XCBuildConfiguration;
			buildSettings = {
				ALWAYS_SEARCH_USER_PATHS = NO;
				CLANG_ANALYZER_NONNULL = YES;
				CLANG_CXX_LANGUAGE_STANDARD = "gnu++0x";
				CLANG_CXX_LIBRARY = "libc++";
				CLANG_ENABLE_MODULES = YES;
				CLANG_ENABLE_OBJC_ARC = YES;
				CLANG_WARN_BOOL_CONVERSION = YES;
				CLANG_WARN_CONSTANT_CONVERSION = YES;
				CLANG_WARN_DIRECT_OBJC_ISA_USAGE = YES_ERROR;
				CLANG_WARN_EMPTY_BODY = YES;
				CLANG_WARN_ENUM_CONVERSION = YES;
				CLANG_WARN_INT_CONVERSION = YES;
				CLANG_WARN_OBJC_ROOT_CLASS = YES_ERROR;
				CLANG_WARN_UNREACHABLE_CODE = YES;
				CLANG_WARN__DUPLICATE_METHOD_MATCH = YES;
				"CODE_SIGN_IDENTITY[sdk=iphoneos*]" = "iPhone Developer";
				COPY_PHASE_STRIP = NO;
				DEBUG_INFORMATION_FORMAT = "dwarf-with-dsym";
				ENABLE_NS_ASSERTIONS = NO;
				ENABLE_STRICT_OBJC_MSGSEND = YES;
				GCC_C_LANGUAGE_STANDARD = gnu99;
				GCC_NO_COMMON_BLOCKS = YES;
				GCC_WARN_64_TO_32_BIT_CONVERSION = YES;
				GCC_WARN_ABOUT_RETURN_TYPE = YES_ERROR;
				GCC_WARN_UNDECLARED_SELECTOR = YES;
				GCC_WARN_UNINITIALIZED_AUTOS = YES_AGGRESSIVE;
				GCC_WARN_UNUSED_FUNCTION = YES;
				GCC_WARN_UNUSED_VARIABLE = YES;
				IPHONEOS_DEPLOYMENT_TARGET = 9.3;
				MTL_ENABLE_DEBUG_INFO = NO;
				SDKROOT = iphoneos;
				TARGETED_DEVICE_FAMILY = "1,2";
				VALIDATE_PRODUCT = YES;
			};
			name = Release;
		};
		828B543620ABDD6100CA1AC2 /* Debug */ = {
			isa = XCBuildConfiguration;
			buildSettings = {
				ASSETCATALOG_COMPILER_APPICON_NAME = AppIcon;
				INFOPLIST_FILE = tablecell/Info.plist;
				LD_RUNPATH_SEARCH_PATHS = "$(inherited) @executable_path/Frameworks";
				PRODUCT_BUNDLE_IDENTIFIER = earth.tablecell;
				PRODUCT_NAME = "$(TARGET_NAME)";
			};
			name = Debug;
		};
		828B543720ABDD6100CA1AC2 /* Release */ = {
			isa = XCBuildConfiguration;
			buildSettings = {
				ASSETCATALOG_COMPILER_APPICON_NAME = AppIcon;
				INFOPLIST_FILE = tablecell/Info.plist;
				LD_RUNPATH_SEARCH_PATHS = "$(inherited) @executable_path/Frameworks";
				PRODUCT_BUNDLE_IDENTIFIER = earth.tablecell;
				PRODUCT_NAME = "$(TARGET_NAME)";
			};
			name = Release;
		};
		828B543920ABDD6100CA1AC2 /* Debug */ = {
			isa = XCBuildConfiguration;
			buildSettings = {
				BUNDLE_LOADER = "$(TEST_HOST)";
				INFOPLIST_FILE = tablecellTests/Info.plist;
				LD_RUNPATH_SEARCH_PATHS = "$(inherited) @executable_path/Frameworks @loader_path/Frameworks";
				PRODUCT_BUNDLE_IDENTIFIER = earth.tablecellTests;
				PRODUCT_NAME = "$(TARGET_NAME)";
				TEST_HOST = "$(BUILT_PRODUCTS_DIR)/tablecell.app/tablecell";
			};
			name = Debug;
		};
		828B543A20ABDD6100CA1AC2 /* Release */ = {
			isa = XCBuildConfiguration;
			buildSettings = {
				BUNDLE_LOADER = "$(TEST_HOST)";
				INFOPLIST_FILE = tablecellTests/Info.plist;
				LD_RUNPATH_SEARCH_PATHS = "$(inherited) @executable_path/Frameworks @loader_path/Frameworks";
				PRODUCT_BUNDLE_IDENTIFIER = earth.tablecellTests;
				PRODUCT_NAME = "$(TARGET_NAME)";
				TEST_HOST = "$(BUILT_PRODUCTS_DIR)/tablecell.app/tablecell";
			};
			name = Release;
		};
		828B543C20ABDD6100CA1AC2 /* Debug */ = {
			isa = XCBuildConfiguration;
			buildSettings = {
				INFOPLIST_FILE = tablecellUITests/Info.plist;
				LD_RUNPATH_SEARCH_PATHS = "$(inherited) @executable_path/Frameworks @loader_path/Frameworks";
				PRODUCT_BUNDLE_IDENTIFIER = earth.tablecellUITests;
				PRODUCT_NAME = "$(TARGET_NAME)";
				TEST_TARGET_NAME = tablecell;
			};
			name = Debug;
		};
		828B543D20ABDD6100CA1AC2 /* Release */ = {
			isa = XCBuildConfiguration;
			buildSettings = {
				INFOPLIST_FILE = tablecellUITests/Info.plist;
				LD_RUNPATH_SEARCH_PATHS = "$(inherited) @executable_path/Frameworks @loader_path/Frameworks";
				PRODUCT_BUNDLE_IDENTIFIER = earth.tablecellUITests;
				PRODUCT_NAME = "$(TARGET_NAME)";
				TEST_TARGET_NAME = tablecell;
			};
			name = Release;
		};
/* End XCBuildConfiguration section */

/* Begin XCConfigurationList section */
		828B540320ABDD6000CA1AC2 /* Build configuration list for PBXProject "tablecell" */ = {
			isa = XCConfigurationList;
			buildConfigurations = (
				828B543320ABDD6100CA1AC2 /* Debug */,
				828B543420ABDD6100CA1AC2 /* Release */,
			);
			defaultConfigurationIsVisible = 0;
			defaultConfigurationName = Release;
		};
		828B543520ABDD6100CA1AC2 /* Build configuration list for PBXNativeTarget "tablecell" */ = {
			isa = XCConfigurationList;
			buildConfigurations = (
				828B543620ABDD6100CA1AC2 /* Debug */,
				828B543720ABDD6100CA1AC2 /* Release */,
			);
			defaultConfigurationIsVisible = 0;
			defaultConfigurationName = Release;
		};
		828B543820ABDD6100CA1AC2 /* Build configuration list for PBXNativeTarget "tablecellTests" */ = {
			isa = XCConfigurationList;
			buildConfigurations = (
				828B543920ABDD6100CA1AC2 /* Debug */,
				828B543A20ABDD6100CA1AC2 /* Release */,
			);
			defaultConfigurationIsVisible = 0;
			defaultConfigurationName = Release;
		};
		828B543B20ABDD6100CA1AC2 /* Build configuration list for PBXNativeTarget "tablecellUITests" */ = {
			isa = XCConfigurationList;
			buildConfigurations = (
				828B543C20ABDD6100CA1AC2 /* Debug */,
				828B543D20ABDD6100CA1AC2 /* Release */,
			);
			defaultConfigurationIsVisible = 0;
			defaultConfigurationName = Release;
		};
/* End XCConfigurationList section */
	};
	rootObject = 828B540020ABDD6000CA1AC2 /* Project object */;
}
