// !$*UTF8*$!
{
	archiveVersion = 1;
	classes = {
	};
	objectVersion = 46;
	objects = {

/* Begin PBXBuildFile section */
		C42DB43620A281AD00AC7B8F /* main.m in Sources */ = {isa = PBXBuildFile; fileRef = C42DB43520A281AD00AC7B8F /* main.m */; };
		C42DB43920A281AD00AC7B8F /* AppDelegate.m in Sources */ = {isa = PBXBuildFile; fileRef = C42DB43820A281AD00AC7B8F /* AppDelegate.m */; };
		C42DB43C20A281AD00AC7B8F /* ViewController.m in Sources */ = {isa = PBXBuildFile; fileRef = C42DB43B20A281AD00AC7B8F /* ViewController.m */; };
		C42DB43F20A281AD00AC7B8F /* Main.storyboard in Resources */ = {isa = PBXBuildFile; fileRef = C42DB43D20A281AD00AC7B8F /* Main.storyboard */; };
		C42DB44120A281AD00AC7B8F /* Assets.xcassets in Resources */ = {isa = PBXBuildFile; fileRef = C42DB44020A281AD00AC7B8F /* Assets.xcassets */; };
		C42DB44420A281AD00AC7B8F /* LaunchScreen.storyboard in Resources */ = {isa = PBXBuildFile; fileRef = C42DB44220A281AD00AC7B8F /* LaunchScreen.storyboard */; };
		C42DB44F20A281AD00AC7B8F /* login_pageTests.m in Sources */ = {isa = PBXBuildFile; fileRef = C42DB44E20A281AD00AC7B8F /* login_pageTests.m */; };
		C42DB45A20A281AD00AC7B8F /* login_pageUITests.m in Sources */ = {isa = PBXBuildFile; fileRef = C42DB45920A281AD00AC7B8F /* login_pageUITests.m */; };
		C42DB46820A2834D00AC7B8F /* image in Resources */ = {isa = PBXBuildFile; fileRef = C42DB46720A2834D00AC7B8F /* image */; };
/* End PBXBuildFile section */

/* Begin PBXContainerItemProxy section */
		C42DB44B20A281AD00AC7B8F /* PBXContainerItemProxy */ = {
			isa = PBXContainerItemProxy;
			containerPortal = C42DB42920A281AD00AC7B8F /* Project object */;
			proxyType = 1;
			remoteGlobalIDString = C42DB43020A281AD00AC7B8F;
			remoteInfo = "login-page";
		};
		C42DB45620A281AD00AC7B8F /* PBXContainerItemProxy */ = {
			isa = PBXContainerItemProxy;
			containerPortal = C42DB42920A281AD00AC7B8F /* Project object */;
			proxyType = 1;
			remoteGlobalIDString = C42DB43020A281AD00AC7B8F;
			remoteInfo = "login-page";
		};
/* End PBXContainerItemProxy section */

/* Begin PBXFileReference section */
		C42DB43120A281AD00AC7B8F /* login-page.app */ = {isa = PBXFileReference; explicitFileType = wrapper.application; includeInIndex = 0; path = "login-page.app"; sourceTree = BUILT_PRODUCTS_DIR; };
		C42DB43520A281AD00AC7B8F /* main.m */ = {isa = PBXFileReference; lastKnownFileType = sourcecode.c.objc; path = main.m; sourceTree = "<group>"; };
		C42DB43720A281AD00AC7B8F /* AppDelegate.h */ = {isa = PBXFileReference; lastKnownFileType = sourcecode.c.h; path = AppDelegate.h; sourceTree = "<group>"; };
		C42DB43820A281AD00AC7B8F /* AppDelegate.m */ = {isa = PBXFileReference; lastKnownFileType = sourcecode.c.objc; path = AppDelegate.m; sourceTree = "<group>"; };
		C42DB43A20A281AD00AC7B8F /* ViewController.h */ = {isa = PBXFileReference; lastKnownFileType = sourcecode.c.h; path = ViewController.h; sourceTree = "<group>"; };
		C42DB43B20A281AD00AC7B8F /* ViewController.m */ = {isa = PBXFileReference; lastKnownFileType = sourcecode.c.objc; path = ViewController.m; sourceTree = "<group>"; };
		C42DB43E20A281AD00AC7B8F /* Base */ = {isa = PBXFileReference; lastKnownFileType = file.storyboard; name = Base; path = Base.lproj/Main.storyboard; sourceTree = "<group>"; };
		C42DB44020A281AD00AC7B8F /* Assets.xcassets */ = {isa = PBXFileReference; lastKnownFileType = folder.assetcatalog; path = Assets.xcassets; sourceTree = "<group>"; };
		C42DB44320A281AD00AC7B8F /* Base */ = {isa = PBXFileReference; lastKnownFileType = file.storyboard; name = Base; path = Base.lproj/LaunchScreen.storyboard; sourceTree = "<group>"; };
		C42DB44520A281AD00AC7B8F /* Info.plist */ = {isa = PBXFileReference; lastKnownFileType = text.plist.xml; path = Info.plist; sourceTree = "<group>"; };
		C42DB44A20A281AD00AC7B8F /* login-pageTests.xctest */ = {isa = PBXFileReference; explicitFileType = wrapper.cfbundle; includeInIndex = 0; path = "login-pageTests.xctest"; sourceTree = BUILT_PRODUCTS_DIR; };
		C42DB44E20A281AD00AC7B8F /* login_pageTests.m */ = {isa = PBXFileReference; lastKnownFileType = sourcecode.c.objc; path = login_pageTests.m; sourceTree = "<group>"; };
		C42DB45020A281AD00AC7B8F /* Info.plist */ = {isa = PBXFileReference; lastKnownFileType = text.plist.xml; path = Info.plist; sourceTree = "<group>"; };
		C42DB45520A281AD00AC7B8F /* login-pageUITests.xctest */ = {isa = PBXFileReference; explicitFileType = wrapper.cfbundle; includeInIndex = 0; path = "login-pageUITests.xctest"; sourceTree = BUILT_PRODUCTS_DIR; };
		C42DB45920A281AD00AC7B8F /* login_pageUITests.m */ = {isa = PBXFileReference; lastKnownFileType = sourcecode.c.objc; path = login_pageUITests.m; sourceTree = "<group>"; };
		C42DB45B20A281AD00AC7B8F /* Info.plist */ = {isa = PBXFileReference; lastKnownFileType = text.plist.xml; path = Info.plist; sourceTree = "<group>"; };
		C42DB46720A2834D00AC7B8F /* image */ = {isa = PBXFileReference; lastKnownFileType = folder; name = image; path = ../../../../../login/login/image; sourceTree = "<group>"; };
/* End PBXFileReference section */

/* Begin PBXFrameworksBuildPhase section */
		C42DB42E20A281AD00AC7B8F /* Frameworks */ = {
			isa = PBXFrameworksBuildPhase;
			buildActionMask = 2147483647;
			files = (
			);
			runOnlyForDeploymentPostprocessing = 0;
		};
		C42DB44720A281AD00AC7B8F /* Frameworks */ = {
			isa = PBXFrameworksBuildPhase;
			buildActionMask = 2147483647;
			files = (
			);
			runOnlyForDeploymentPostprocessing = 0;
		};
		C42DB45220A281AD00AC7B8F /* Frameworks */ = {
			isa = PBXFrameworksBuildPhase;
			buildActionMask = 2147483647;
			files = (
			);
			runOnlyForDeploymentPostprocessing = 0;
		};
/* End PBXFrameworksBuildPhase section */

/* Begin PBXGroup section */
		C42DB42820A281AD00AC7B8F = {
			isa = PBXGroup;
			children = (
				C42DB43320A281AD00AC7B8F /* login-page */,
				C42DB44D20A281AD00AC7B8F /* login-pageTests */,
				C42DB45820A281AD00AC7B8F /* login-pageUITests */,
				C42DB43220A281AD00AC7B8F /* Products */,
			);
			sourceTree = "<group>";
		};
		C42DB43220A281AD00AC7B8F /* Products */ = {
			isa = PBXGroup;
			children = (
				C42DB43120A281AD00AC7B8F /* login-page.app */,
				C42DB44A20A281AD00AC7B8F /* login-pageTests.xctest */,
				C42DB45520A281AD00AC7B8F /* login-pageUITests.xctest */,
			);
			name = Products;
			sourceTree = "<group>";
		};
		C42DB43320A281AD00AC7B8F /* login-page */ = {
			isa = PBXGroup;
			children = (
				C42DB46720A2834D00AC7B8F /* image */,
				C42DB43720A281AD00AC7B8F /* AppDelegate.h */,
				C42DB43820A281AD00AC7B8F /* AppDelegate.m */,
				C42DB43A20A281AD00AC7B8F /* ViewController.h */,
				C42DB43B20A281AD00AC7B8F /* ViewController.m */,
				C42DB43D20A281AD00AC7B8F /* Main.storyboard */,
				C42DB44020A281AD00AC7B8F /* Assets.xcassets */,
				C42DB44220A281AD00AC7B8F /* LaunchScreen.storyboard */,
				C42DB44520A281AD00AC7B8F /* Info.plist */,
				C42DB43420A281AD00AC7B8F /* Supporting Files */,
			);
			path = "login-page";
			sourceTree = "<group>";
		};
		C42DB43420A281AD00AC7B8F /* Supporting Files */ = {
			isa = PBXGroup;
			children = (
				C42DB43520A281AD00AC7B8F /* main.m */,
			);
			name = "Supporting Files";
			sourceTree = "<group>";
		};
		C42DB44D20A281AD00AC7B8F /* login-pageTests */ = {
			isa = PBXGroup;
			children = (
				C42DB44E20A281AD00AC7B8F /* login_pageTests.m */,
				C42DB45020A281AD00AC7B8F /* Info.plist */,
			);
			path = "login-pageTests";
			sourceTree = "<group>";
		};
		C42DB45820A281AD00AC7B8F /* login-pageUITests */ = {
			isa = PBXGroup;
			children = (
				C42DB45920A281AD00AC7B8F /* login_pageUITests.m */,
				C42DB45B20A281AD00AC7B8F /* Info.plist */,
			);
			path = "login-pageUITests";
			sourceTree = "<group>";
		};
/* End PBXGroup section */

/* Begin PBXNativeTarget section */
		C42DB43020A281AD00AC7B8F /* login-page */ = {
			isa = PBXNativeTarget;
			buildConfigurationList = C42DB45E20A281AD00AC7B8F /* Build configuration list for PBXNativeTarget "login-page" */;
			buildPhases = (
				C42DB42D20A281AD00AC7B8F /* Sources */,
				C42DB42E20A281AD00AC7B8F /* Frameworks */,
				C42DB42F20A281AD00AC7B8F /* Resources */,
			);
			buildRules = (
			);
			dependencies = (
			);
			name = "login-page";
			productName = "login-page";
			productReference = C42DB43120A281AD00AC7B8F /* login-page.app */;
			productType = "com.apple.product-type.application";
		};
		C42DB44920A281AD00AC7B8F /* login-pageTests */ = {
			isa = PBXNativeTarget;
			buildConfigurationList = C42DB46120A281AD00AC7B8F /* Build configuration list for PBXNativeTarget "login-pageTests" */;
			buildPhases = (
				C42DB44620A281AD00AC7B8F /* Sources */,
				C42DB44720A281AD00AC7B8F /* Frameworks */,
				C42DB44820A281AD00AC7B8F /* Resources */,
			);
			buildRules = (
			);
			dependencies = (
				C42DB44C20A281AD00AC7B8F /* PBXTargetDependency */,
			);
			name = "login-pageTests";
			productName = "login-pageTests";
			productReference = C42DB44A20A281AD00AC7B8F /* login-pageTests.xctest */;
			productType = "com.apple.product-type.bundle.unit-test";
		};
		C42DB45420A281AD00AC7B8F /* login-pageUITests */ = {
			isa = PBXNativeTarget;
			buildConfigurationList = C42DB46420A281AD00AC7B8F /* Build configuration list for PBXNativeTarget "login-pageUITests" */;
			buildPhases = (
				C42DB45120A281AD00AC7B8F /* Sources */,
				C42DB45220A281AD00AC7B8F /* Frameworks */,
				C42DB45320A281AD00AC7B8F /* Resources */,
			);
			buildRules = (
			);
			dependencies = (
				C42DB45720A281AD00AC7B8F /* PBXTargetDependency */,
			);
			name = "login-pageUITests";
			productName = "login-pageUITests";
			productReference = C42DB45520A281AD00AC7B8F /* login-pageUITests.xctest */;
			productType = "com.apple.product-type.bundle.ui-testing";
		};
/* End PBXNativeTarget section */

/* Begin PBXProject section */
		C42DB42920A281AD00AC7B8F /* Project object */ = {
			isa = PBXProject;
			attributes = {
				LastUpgradeCheck = 0730;
				ORGANIZATIONNAME = mofeioo;
				TargetAttributes = {
					C42DB43020A281AD00AC7B8F = {
						CreatedOnToolsVersion = 7.3.1;
					};
					C42DB44920A281AD00AC7B8F = {
						CreatedOnToolsVersion = 7.3.1;
						TestTargetID = C42DB43020A281AD00AC7B8F;
					};
					C42DB45420A281AD00AC7B8F = {
						CreatedOnToolsVersion = 7.3.1;
						TestTargetID = C42DB43020A281AD00AC7B8F;
					};
				};
			};
			buildConfigurationList = C42DB42C20A281AD00AC7B8F /* Build configuration list for PBXProject "login-page" */;
			compatibilityVersion = "Xcode 3.2";
			developmentRegion = English;
			hasScannedForEncodings = 0;
			knownRegions = (
				en,
				Base,
			);
			mainGroup = C42DB42820A281AD00AC7B8F;
			productRefGroup = C42DB43220A281AD00AC7B8F /* Products */;
			projectDirPath = "";
			projectRoot = "";
			targets = (
				C42DB43020A281AD00AC7B8F /* login-page */,
				C42DB44920A281AD00AC7B8F /* login-pageTests */,
				C42DB45420A281AD00AC7B8F /* login-pageUITests */,
			);
		};
/* End PBXProject section */

/* Begin PBXResourcesBuildPhase section */
		C42DB42F20A281AD00AC7B8F /* Resources */ = {
			isa = PBXResourcesBuildPhase;
			buildActionMask = 2147483647;
			files = (
				C42DB46820A2834D00AC7B8F /* image in Resources */,
				C42DB44420A281AD00AC7B8F /* LaunchScreen.storyboard in Resources */,
				C42DB44120A281AD00AC7B8F /* Assets.xcassets in Resources */,
				C42DB43F20A281AD00AC7B8F /* Main.storyboard in Resources */,
			);
			runOnlyForDeploymentPostprocessing = 0;
		};
		C42DB44820A281AD00AC7B8F /* Resources */ = {
			isa = PBXResourcesBuildPhase;
			buildActionMask = 2147483647;
			files = (
			);
			runOnlyForDeploymentPostprocessing = 0;
		};
		C42DB45320A281AD00AC7B8F /* Resources */ = {
			isa = PBXResourcesBuildPhase;
			buildActionMask = 2147483647;
			files = (
			);
			runOnlyForDeploymentPostprocessing = 0;
		};
/* End PBXResourcesBuildPhase section */

/* Begin PBXSourcesBuildPhase section */
		C42DB42D20A281AD00AC7B8F /* Sources */ = {
			isa = PBXSourcesBuildPhase;
			buildActionMask = 2147483647;
			files = (
				C42DB43C20A281AD00AC7B8F /* ViewController.m in Sources */,
				C42DB43920A281AD00AC7B8F /* AppDelegate.m in Sources */,
				C42DB43620A281AD00AC7B8F /* main.m in Sources */,
			);
			runOnlyForDeploymentPostprocessing = 0;
		};
		C42DB44620A281AD00AC7B8F /* Sources */ = {
			isa = PBXSourcesBuildPhase;
			buildActionMask = 2147483647;
			files = (
				C42DB44F20A281AD00AC7B8F /* login_pageTests.m in Sources */,
			);
			runOnlyForDeploymentPostprocessing = 0;
		};
		C42DB45120A281AD00AC7B8F /* Sources */ = {
			isa = PBXSourcesBuildPhase;
			buildActionMask = 2147483647;
			files = (
				C42DB45A20A281AD00AC7B8F /* login_pageUITests.m in Sources */,
			);
			runOnlyForDeploymentPostprocessing = 0;
		};
/* End PBXSourcesBuildPhase section */

/* Begin PBXTargetDependency section */
		C42DB44C20A281AD00AC7B8F /* PBXTargetDependency */ = {
			isa = PBXTargetDependency;
			target = C42DB43020A281AD00AC7B8F /* login-page */;
			targetProxy = C42DB44B20A281AD00AC7B8F /* PBXContainerItemProxy */;
		};
		C42DB45720A281AD00AC7B8F /* PBXTargetDependency */ = {
			isa = PBXTargetDependency;
			target = C42DB43020A281AD00AC7B8F /* login-page */;
			targetProxy = C42DB45620A281AD00AC7B8F /* PBXContainerItemProxy */;
		};
/* End PBXTargetDependency section */

/* Begin PBXVariantGroup section */
		C42DB43D20A281AD00AC7B8F /* Main.storyboard */ = {
			isa = PBXVariantGroup;
			children = (
				C42DB43E20A281AD00AC7B8F /* Base */,
			);
			name = Main.storyboard;
			sourceTree = "<group>";
		};
		C42DB44220A281AD00AC7B8F /* LaunchScreen.storyboard */ = {
			isa = PBXVariantGroup;
			children = (
				C42DB44320A281AD00AC7B8F /* Base */,
			);
			name = LaunchScreen.storyboard;
			sourceTree = "<group>";
		};
/* End PBXVariantGroup section */

/* Begin XCBuildConfiguration section */
		C42DB45C20A281AD00AC7B8F /* Debug */ = {
			isa = XCBuildConfiguration;
			buildSettings = {
				ALWAYS_SEARCH_USER_PATHS = NO;
				CLANG_ANALYZER_NONNULL = YES;
				CLANG_CXX_LANGUAGE_STANDARD = "gnu++0x";
				CLANG_CXX_LIBRARY = "libc++";
				CLANG_ENABLE_MODULES = YES;
				CLANG_ENABLE_OBJC_ARC = YES;
				CLANG_WARN_BOOL_CONVERSION = YES;
				CLANG_WARN_CONSTANT_CONVERSION = YES;
				CLANG_WARN_DIRECT_OBJC_ISA_USAGE = YES_ERROR;
				CLANG_WARN_EMPTY_BODY = YES;
				CLANG_WARN_ENUM_CONVERSION = YES;
				CLANG_WARN_INT_CONVERSION = YES;
				CLANG_WARN_OBJC_ROOT_CLASS = YES_ERROR;
				CLANG_WARN_UNREACHABLE_CODE = YES;
				CLANG_WARN__DUPLICATE_METHOD_MATCH = YES;
				"CODE_SIGN_IDENTITY[sdk=iphoneos*]" = "iPhone Developer";
				COPY_PHASE_STRIP = NO;
				DEBUG_INFORMATION_FORMAT = dwarf;
				ENABLE_STRICT_OBJC_MSGSEND = YES;
				ENABLE_TESTABILITY = YES;
				GCC_C_LANGUAGE_STANDARD = gnu99;
				GCC_DYNAMIC_NO_PIC = NO;
				GCC_NO_COMMON_BLOCKS = YES;
				GCC_OPTIMIZATION_LEVEL = 0;
				GCC_PREPROCESSOR_DEFINITIONS = (
					"DEBUG=1",
					"$(inherited)",
				);
				GCC_WARN_64_TO_32_BIT_CONVERSION = YES;
				GCC_WARN_ABOUT_RETURN_TYPE = YES_ERROR;
				GCC_WARN_UNDECLARED_SELECTOR = YES;
				GCC_WARN_UNINITIALIZED_AUTOS = YES_AGGRESSIVE;
				GCC_WARN_UNUSED_FUNCTION = YES;
				GCC_WARN_UNUSED_VARIABLE = YES;
				IPHONEOS_DEPLOYMENT_TARGET = 9.3;
				MTL_ENABLE_DEBUG_INFO = YES;
				ONLY_ACTIVE_ARCH = YES;
				SDKROOT = iphoneos;
				TARGETED_DEVICE_FAMILY = "1,2";
			};
			name = Debug;
		};
		C42DB45D20A281AD00AC7B8F /* Release */ = {
			isa = XCBuildConfiguration;
			buildSettings = {
				ALWAYS_SEARCH_USER_PATHS = NO;
				CLANG_ANALYZER_NONNULL = YES;
				CLANG_CXX_LANGUAGE_STANDARD = "gnu++0x";
				CLANG_CXX_LIBRARY = "libc++";
				CLANG_ENABLE_MODULES = YES;
				CLANG_ENABLE_OBJC_ARC = YES;
				CLANG_WARN_BOOL_CONVERSION = YES;
				CLANG_WARN_CONSTANT_CONVERSION = YES;
				CLANG_WARN_DIRECT_OBJC_ISA_USAGE = YES_ERROR;
				CLANG_WARN_EMPTY_BODY = YES;
				CLANG_WARN_ENUM_CONVERSION = YES;
				CLANG_WARN_INT_CONVERSION = YES;
				CLANG_WARN_OBJC_ROOT_CLASS = YES_ERROR;
				CLANG_WARN_UNREACHABLE_CODE = YES;
				CLANG_WARN__DUPLICATE_METHOD_MATCH = YES;
				"CODE_SIGN_IDENTITY[sdk=iphoneos*]" = "iPhone Developer";
				COPY_PHASE_STRIP = NO;
				DEBUG_INFORMATION_FORMAT = "dwarf-with-dsym";
				ENABLE_NS_ASSERTIONS = NO;
				ENABLE_STRICT_OBJC_MSGSEND = YES;
				GCC_C_LANGUAGE_STANDARD = gnu99;
				GCC_NO_COMMON_BLOCKS = YES;
				GCC_WARN_64_TO_32_BIT_CONVERSION = YES;
				GCC_WARN_ABOUT_RETURN_TYPE = YES_ERROR;
				GCC_WARN_UNDECLARED_SELECTOR = YES;
				GCC_WARN_UNINITIALIZED_AUTOS = YES_AGGRESSIVE;
				GCC_WARN_UNUSED_FUNCTION = YES;
				GCC_WARN_UNUSED_VARIABLE = YES;
				IPHONEOS_DEPLOYMENT_TARGET = 9.3;
				MTL_ENABLE_DEBUG_INFO = NO;
				SDKROOT = iphoneos;
				TARGETED_DEVICE_FAMILY = "1,2";
				VALIDATE_PRODUCT = YES;
			};
			name = Release;
		};
		C42DB45F20A281AD00AC7B8F /* Debug */ = {
			isa = XCBuildConfiguration;
			buildSettings = {
				ASSETCATALOG_COMPILER_APPICON_NAME = AppIcon;
				INFOPLIST_FILE = "login-page/Info.plist";
				LD_RUNPATH_SEARCH_PATHS = "$(inherited) @executable_path/Frameworks";
				PRODUCT_BUNDLE_IDENTIFIER = "mofeioo.login-page";
				PRODUCT_NAME = "$(TARGET_NAME)";
			};
			name = Debug;
		};
		C42DB46020A281AD00AC7B8F /* Release */ = {
			isa = XCBuildConfiguration;
			buildSettings = {
				ASSETCATALOG_COMPILER_APPICON_NAME = AppIcon;
				INFOPLIST_FILE = "login-page/Info.plist";
				LD_RUNPATH_SEARCH_PATHS = "$(inherited) @executable_path/Frameworks";
				PRODUCT_BUNDLE_IDENTIFIER = "mofeioo.login-page";
				PRODUCT_NAME = "$(TARGET_NAME)";
			};
			name = Release;
		};
		C42DB46220A281AD00AC7B8F /* Debug */ = {
			isa = XCBuildConfiguration;
			buildSettings = {
				BUNDLE_LOADER = "$(TEST_HOST)";
				INFOPLIST_FILE = "login-pageTests/Info.plist";
				LD_RUNPATH_SEARCH_PATHS = "$(inherited) @executable_path/Frameworks @loader_path/Frameworks";
				PRODUCT_BUNDLE_IDENTIFIER = "mofeioo.login-pageTests";
				PRODUCT_NAME = "$(TARGET_NAME)";
				TEST_HOST = "$(BUILT_PRODUCTS_DIR)/login-page.app/login-page";
			};
			name = Debug;
		};
		C42DB46320A281AD00AC7B8F /* Release */ = {
			isa = XCBuildConfiguration;
			buildSettings = {
				BUNDLE_LOADER = "$(TEST_HOST)";
				INFOPLIST_FILE = "login-pageTests/Info.plist";
				LD_RUNPATH_SEARCH_PATHS = "$(inherited) @executable_path/Frameworks @loader_path/Frameworks";
				PRODUCT_BUNDLE_IDENTIFIER = "mofeioo.login-pageTests";
				PRODUCT_NAME = "$(TARGET_NAME)";
				TEST_HOST = "$(BUILT_PRODUCTS_DIR)/login-page.app/login-page";
			};
			name = Release;
		};
		C42DB46520A281AD00AC7B8F /* Debug */ = {
			isa = XCBuildConfiguration;
			buildSettings = {
				INFOPLIST_FILE = "login-pageUITests/Info.plist";
				LD_RUNPATH_SEARCH_PATHS = "$(inherited) @executable_path/Frameworks @loader_path/Frameworks";
				PRODUCT_BUNDLE_IDENTIFIER = "mofeioo.login-pageUITests";
				PRODUCT_NAME = "$(TARGET_NAME)";
				TEST_TARGET_NAME = "login-page";
			};
			name = Debug;
		};
		C42DB46620A281AD00AC7B8F /* Release */ = {
			isa = XCBuildConfiguration;
			buildSettings = {
				INFOPLIST_FILE = "login-pageUITests/Info.plist";
				LD_RUNPATH_SEARCH_PATHS = "$(inherited) @executable_path/Frameworks @loader_path/Frameworks";
				PRODUCT_BUNDLE_IDENTIFIER = "mofeioo.login-pageUITests";
				PRODUCT_NAME = "$(TARGET_NAME)";
				TEST_TARGET_NAME = "login-page";
			};
			name = Release;
		};
/* End XCBuildConfiguration section */

/* Begin XCConfigurationList section */
		C42DB42C20A281AD00AC7B8F /* Build configuration list for PBXProject "login-page" */ = {
			isa = XCConfigurationList;
			buildConfigurations = (
				C42DB45C20A281AD00AC7B8F /* Debug */,
				C42DB45D20A281AD00AC7B8F /* Release */,
			);
			defaultConfigurationIsVisible = 0;
			defaultConfigurationName = Release;
		};
		C42DB45E20A281AD00AC7B8F /* Build configuration list for PBXNativeTarget "login-page" */ = {
			isa = XCConfigurationList;
			buildConfigurations = (
				C42DB45F20A281AD00AC7B8F /* Debug */,
				C42DB46020A281AD00AC7B8F /* Release */,
			);
			defaultConfigurationIsVisible = 0;
		};
		C42DB46120A281AD00AC7B8F /* Build configuration list for PBXNativeTarget "login-pageTests" */ = {
			isa = XCConfigurationList;
			buildConfigurations = (
				C42DB46220A281AD00AC7B8F /* Debug */,
				C42DB46320A281AD00AC7B8F /* Release */,
			);
			defaultConfigurationIsVisible = 0;
		};
		C42DB46420A281AD00AC7B8F /* Build configuration list for PBXNativeTarget "login-pageUITests" */ = {
			isa = XCConfigurationList;
			buildConfigurations = (
				C42DB46520A281AD00AC7B8F /* Debug */,
				C42DB46620A281AD00AC7B8F /* Release */,
			);
			defaultConfigurationIsVisible = 0;
		};
/* End XCConfigurationList section */
	};
	rootObject = C42DB42920A281AD00AC7B8F /* Project object */;
}
