// !$*UTF8*$!
{
	archiveVersion = 1;
	classes = {
	};
	objectVersion = 46;
	objects = {

/* Begin PBXBuildFile section */
		82C2EE4420AD772A00633030 /* main.m in Sources */ = {isa = PBXBuildFile; fileRef = 82C2EE4320AD772A00633030 /* main.m */; };
		82C2EE4720AD772A00633030 /* AppDelegate.m in Sources */ = {isa = PBXBuildFile; fileRef = 82C2EE4620AD772A00633030 /* AppDelegate.m */; };
		82C2EE4A20AD772A00633030 /* ViewController.m in Sources */ = {isa = PBXBuildFile; fileRef = 82C2EE4920AD772A00633030 /* ViewController.m */; };
		82C2EE4D20AD772A00633030 /* Main.storyboard in Resources */ = {isa = PBXBuildFile; fileRef = 82C2EE4B20AD772A00633030 /* Main.storyboard */; };
		82C2EE4F20AD772A00633030 /* Assets.xcassets in Resources */ = {isa = PBXBuildFile; fileRef = 82C2EE4E20AD772A00633030 /* Assets.xcassets */; };
		82C2EE5220AD772A00633030 /* LaunchScreen.storyboard in Resources */ = {isa = PBXBuildFile; fileRef = 82C2EE5020AD772A00633030 /* LaunchScreen.storyboard */; };
		82C2EE5D20AD772A00633030 /* uiscrollviewTests.m in Sources */ = {isa = PBXBuildFile; fileRef = 82C2EE5C20AD772A00633030 /* uiscrollviewTests.m */; };
		82C2EE6820AD772B00633030 /* uiscrollviewUITests.m in Sources */ = {isa = PBXBuildFile; fileRef = 82C2EE6720AD772B00633030 /* uiscrollviewUITests.m */; };
		82C2EE7620AD792700633030 /* img.jpg in Resources */ = {isa = PBXBuildFile; fileRef = 82C2EE7520AD792700633030 /* img.jpg */; };
/* End PBXBuildFile section */

/* Begin PBXContainerItemProxy section */
		82C2EE5920AD772A00633030 /* PBXContainerItemProxy */ = {
			isa = PBXContainerItemProxy;
			containerPortal = 82C2EE3720AD772A00633030 /* Project object */;
			proxyType = 1;
			remoteGlobalIDString = 82C2EE3E20AD772A00633030;
			remoteInfo = uiscrollview;
		};
		82C2EE6420AD772B00633030 /* PBXContainerItemProxy */ = {
			isa = PBXContainerItemProxy;
			containerPortal = 82C2EE3720AD772A00633030 /* Project object */;
			proxyType = 1;
			remoteGlobalIDString = 82C2EE3E20AD772A00633030;
			remoteInfo = uiscrollview;
		};
/* End PBXContainerItemProxy section */

/* Begin PBXFileReference section */
		82C2EE3F20AD772A00633030 /* uiscrollview.app */ = {isa = PBXFileReference; explicitFileType = wrapper.application; includeInIndex = 0; path = uiscrollview.app; sourceTree = BUILT_PRODUCTS_DIR; };
		82C2EE4320AD772A00633030 /* main.m */ = {isa = PBXFileReference; lastKnownFileType = sourcecode.c.objc; path = main.m; sourceTree = "<group>"; };
		82C2EE4520AD772A00633030 /* AppDelegate.h */ = {isa = PBXFileReference; lastKnownFileType = sourcecode.c.h; path = AppDelegate.h; sourceTree = "<group>"; };
		82C2EE4620AD772A00633030 /* AppDelegate.m */ = {isa = PBXFileReference; lastKnownFileType = sourcecode.c.objc; path = AppDelegate.m; sourceTree = "<group>"; };
		82C2EE4820AD772A00633030 /* ViewController.h */ = {isa = PBXFileReference; lastKnownFileType = sourcecode.c.h; path = ViewController.h; sourceTree = "<group>"; };
		82C2EE4920AD772A00633030 /* ViewController.m */ = {isa = PBXFileReference; lastKnownFileType = sourcecode.c.objc; path = ViewController.m; sourceTree = "<group>"; };
		82C2EE4C20AD772A00633030 /* Base */ = {isa = PBXFileReference; lastKnownFileType = file.storyboard; name = Base; path = Base.lproj/Main.storyboard; sourceTree = "<group>"; };
		82C2EE4E20AD772A00633030 /* Assets.xcassets */ = {isa = PBXFileReference; lastKnownFileType = folder.assetcatalog; path = Assets.xcassets; sourceTree = "<group>"; };
		82C2EE5120AD772A00633030 /* Base */ = {isa = PBXFileReference; lastKnownFileType = file.storyboard; name = Base; path = Base.lproj/LaunchScreen.storyboard; sourceTree = "<group>"; };
		82C2EE5320AD772A00633030 /* Info.plist */ = {isa = PBXFileReference; lastKnownFileType = text.plist.xml; path = Info.plist; sourceTree = "<group>"; };
		82C2EE5820AD772A00633030 /* uiscrollviewTests.xctest */ = {isa = PBXFileReference; explicitFileType = wrapper.cfbundle; includeInIndex = 0; path = uiscrollviewTests.xctest; sourceTree = BUILT_PRODUCTS_DIR; };
		82C2EE5C20AD772A00633030 /* uiscrollviewTests.m */ = {isa = PBXFileReference; lastKnownFileType = sourcecode.c.objc; path = uiscrollviewTests.m; sourceTree = "<group>"; };
		82C2EE5E20AD772A00633030 /* Info.plist */ = {isa = PBXFileReference; lastKnownFileType = text.plist.xml; path = Info.plist; sourceTree = "<group>"; };
		82C2EE6320AD772B00633030 /* uiscrollviewUITests.xctest */ = {isa = PBXFileReference; explicitFileType = wrapper.cfbundle; includeInIndex = 0; path = uiscrollviewUITests.xctest; sourceTree = BUILT_PRODUCTS_DIR; };
		82C2EE6720AD772B00633030 /* uiscrollviewUITests.m */ = {isa = PBXFileReference; lastKnownFileType = sourcecode.c.objc; path = uiscrollviewUITests.m; sourceTree = "<group>"; };
		82C2EE6920AD772B00633030 /* Info.plist */ = {isa = PBXFileReference; lastKnownFileType = text.plist.xml; path = Info.plist; sourceTree = "<group>"; };
		82C2EE7520AD792700633030 /* img.jpg */ = {isa = PBXFileReference; lastKnownFileType = image.jpeg; name = img.jpg; path = ../../../../../../Downloads/img.jpg; sourceTree = "<group>"; };
/* End PBXFileReference section */

/* Begin PBXFrameworksBuildPhase section */
		82C2EE3C20AD772A00633030 /* Frameworks */ = {
			isa = PBXFrameworksBuildPhase;
			buildActionMask = 2147483647;
			files = (
			);
			runOnlyForDeploymentPostprocessing = 0;
		};
		82C2EE5520AD772A00633030 /* Frameworks */ = {
			isa = PBXFrameworksBuildPhase;
			buildActionMask = 2147483647;
			files = (
			);
			runOnlyForDeploymentPostprocessing = 0;
		};
		82C2EE6020AD772B00633030 /* Frameworks */ = {
			isa = PBXFrameworksBuildPhase;
			buildActionMask = 2147483647;
			files = (
			);
			runOnlyForDeploymentPostprocessing = 0;
		};
/* End PBXFrameworksBuildPhase section */

/* Begin PBXGroup section */
		82C2EE3620AD772A00633030 = {
			isa = PBXGroup;
			children = (
				82C2EE4120AD772A00633030 /* uiscrollview */,
				82C2EE5B20AD772A00633030 /* uiscrollviewTests */,
				82C2EE6620AD772B00633030 /* uiscrollviewUITests */,
				82C2EE4020AD772A00633030 /* Products */,
			);
			sourceTree = "<group>";
		};
		82C2EE4020AD772A00633030 /* Products */ = {
			isa = PBXGroup;
			children = (
				82C2EE3F20AD772A00633030 /* uiscrollview.app */,
				82C2EE5820AD772A00633030 /* uiscrollviewTests.xctest */,
				82C2EE6320AD772B00633030 /* uiscrollviewUITests.xctest */,
			);
			name = Products;
			sourceTree = "<group>";
		};
		82C2EE4120AD772A00633030 /* uiscrollview */ = {
			isa = PBXGroup;
			children = (
				82C2EE4520AD772A00633030 /* AppDelegate.h */,
				82C2EE4620AD772A00633030 /* AppDelegate.m */,
				82C2EE4820AD772A00633030 /* ViewController.h */,
				82C2EE7520AD792700633030 /* img.jpg */,
				82C2EE4920AD772A00633030 /* ViewController.m */,
				82C2EE4B20AD772A00633030 /* Main.storyboard */,
				82C2EE4E20AD772A00633030 /* Assets.xcassets */,
				82C2EE5020AD772A00633030 /* LaunchScreen.storyboard */,
				82C2EE5320AD772A00633030 /* Info.plist */,
				82C2EE4220AD772A00633030 /* Supporting Files */,
			);
			path = uiscrollview;
			sourceTree = "<group>";
		};
		82C2EE4220AD772A00633030 /* Supporting Files */ = {
			isa = PBXGroup;
			children = (
				82C2EE4320AD772A00633030 /* main.m */,
			);
			name = "Supporting Files";
			sourceTree = "<group>";
		};
		82C2EE5B20AD772A00633030 /* uiscrollviewTests */ = {
			isa = PBXGroup;
			children = (
				82C2EE5C20AD772A00633030 /* uiscrollviewTests.m */,
				82C2EE5E20AD772A00633030 /* Info.plist */,
			);
			path = uiscrollviewTests;
			sourceTree = "<group>";
		};
		82C2EE6620AD772B00633030 /* uiscrollviewUITests */ = {
			isa = PBXGroup;
			children = (
				82C2EE6720AD772B00633030 /* uiscrollviewUITests.m */,
				82C2EE6920AD772B00633030 /* Info.plist */,
			);
			path = uiscrollviewUITests;
			sourceTree = "<group>";
		};
/* End PBXGroup section */

/* Begin PBXNativeTarget section */
		82C2EE3E20AD772A00633030 /* uiscrollview */ = {
			isa = PBXNativeTarget;
			buildConfigurationList = 82C2EE6C20AD772B00633030 /* Build configuration list for PBXNativeTarget "uiscrollview" */;
			buildPhases = (
				82C2EE3B20AD772A00633030 /* Sources */,
				82C2EE3C20AD772A00633030 /* Frameworks */,
				82C2EE3D20AD772A00633030 /* Resources */,
			);
			buildRules = (
			);
			dependencies = (
			);
			name = uiscrollview;
			productName = uiscrollview;
			productReference = 82C2EE3F20AD772A00633030 /* uiscrollview.app */;
			productType = "com.apple.product-type.application";
		};
		82C2EE5720AD772A00633030 /* uiscrollviewTests */ = {
			isa = PBXNativeTarget;
			buildConfigurationList = 82C2EE6F20AD772B00633030 /* Build configuration list for PBXNativeTarget "uiscrollviewTests" */;
			buildPhases = (
				82C2EE5420AD772A00633030 /* Sources */,
				82C2EE5520AD772A00633030 /* Frameworks */,
				82C2EE5620AD772A00633030 /* Resources */,
			);
			buildRules = (
			);
			dependencies = (
				82C2EE5A20AD772A00633030 /* PBXTargetDependency */,
			);
			name = uiscrollviewTests;
			productName = uiscrollviewTests;
			productReference = 82C2EE5820AD772A00633030 /* uiscrollviewTests.xctest */;
			productType = "com.apple.product-type.bundle.unit-test";
		};
		82C2EE6220AD772B00633030 /* uiscrollviewUITests */ = {
			isa = PBXNativeTarget;
			buildConfigurationList = 82C2EE7220AD772B00633030 /* Build configuration list for PBXNativeTarget "uiscrollviewUITests" */;
			buildPhases = (
				82C2EE5F20AD772B00633030 /* Sources */,
				82C2EE6020AD772B00633030 /* Frameworks */,
				82C2EE6120AD772B00633030 /* Resources */,
			);
			buildRules = (
			);
			dependencies = (
				82C2EE6520AD772B00633030 /* PBXTargetDependency */,
			);
			name = uiscrollviewUITests;
			productName = uiscrollviewUITests;
			productReference = 82C2EE6320AD772B00633030 /* uiscrollviewUITests.xctest */;
			productType = "com.apple.product-type.bundle.ui-testing";
		};
/* End PBXNativeTarget section */

/* Begin PBXProject section */
		82C2EE3720AD772A00633030 /* Project object */ = {
			isa = PBXProject;
			attributes = {
				LastUpgradeCheck = 0730;
				ORGANIZATIONNAME = mofeioo;
				TargetAttributes = {
					82C2EE3E20AD772A00633030 = {
						CreatedOnToolsVersion = 7.3.1;
					};
					82C2EE5720AD772A00633030 = {
						CreatedOnToolsVersion = 7.3.1;
						TestTargetID = 82C2EE3E20AD772A00633030;
					};
					82C2EE6220AD772B00633030 = {
						CreatedOnToolsVersion = 7.3.1;
						TestTargetID = 82C2EE3E20AD772A00633030;
					};
				};
			};
			buildConfigurationList = 82C2EE3A20AD772A00633030 /* Build configuration list for PBXProject "uiscrollview" */;
			compatibilityVersion = "Xcode 3.2";
			developmentRegion = English;
			hasScannedForEncodings = 0;
			knownRegions = (
				en,
				Base,
			);
			mainGroup = 82C2EE3620AD772A00633030;
			productRefGroup = 82C2EE4020AD772A00633030 /* Products */;
			projectDirPath = "";
			projectRoot = "";
			targets = (
				82C2EE3E20AD772A00633030 /* uiscrollview */,
				82C2EE5720AD772A00633030 /* uiscrollviewTests */,
				82C2EE6220AD772B00633030 /* uiscrollviewUITests */,
			);
		};
/* End PBXProject section */

/* Begin PBXResourcesBuildPhase section */
		82C2EE3D20AD772A00633030 /* Resources */ = {
			isa = PBXResourcesBuildPhase;
			buildActionMask = 2147483647;
			files = (
				82C2EE5220AD772A00633030 /* LaunchScreen.storyboard in Resources */,
				82C2EE4F20AD772A00633030 /* Assets.xcassets in Resources */,
				82C2EE4D20AD772A00633030 /* Main.storyboard in Resources */,
				82C2EE7620AD792700633030 /* img.jpg in Resources */,
			);
			runOnlyForDeploymentPostprocessing = 0;
		};
		82C2EE5620AD772A00633030 /* Resources */ = {
			isa = PBXResourcesBuildPhase;
			buildActionMask = 2147483647;
			files = (
			);
			runOnlyForDeploymentPostprocessing = 0;
		};
		82C2EE6120AD772B00633030 /* Resources */ = {
			isa = PBXResourcesBuildPhase;
			buildActionMask = 2147483647;
			files = (
			);
			runOnlyForDeploymentPostprocessing = 0;
		};
/* End PBXResourcesBuildPhase section */

/* Begin PBXSourcesBuildPhase section */
		82C2EE3B20AD772A00633030 /* Sources */ = {
			isa = PBXSourcesBuildPhase;
			buildActionMask = 2147483647;
			files = (
				82C2EE4A20AD772A00633030 /* ViewController.m in Sources */,
				82C2EE4720AD772A00633030 /* AppDelegate.m in Sources */,
				82C2EE4420AD772A00633030 /* main.m in Sources */,
			);
			runOnlyForDeploymentPostprocessing = 0;
		};
		82C2EE5420AD772A00633030 /* Sources */ = {
			isa = PBXSourcesBuildPhase;
			buildActionMask = 2147483647;
			files = (
				82C2EE5D20AD772A00633030 /* uiscrollviewTests.m in Sources */,
			);
			runOnlyForDeploymentPostprocessing = 0;
		};
		82C2EE5F20AD772B00633030 /* Sources */ = {
			isa = PBXSourcesBuildPhase;
			buildActionMask = 2147483647;
			files = (
				82C2EE6820AD772B00633030 /* uiscrollviewUITests.m in Sources */,
			);
			runOnlyForDeploymentPostprocessing = 0;
		};
/* End PBXSourcesBuildPhase section */

/* Begin PBXTargetDependency section */
		82C2EE5A20AD772A00633030 /* PBXTargetDependency */ = {
			isa = PBXTargetDependency;
			target = 82C2EE3E20AD772A00633030 /* uiscrollview */;
			targetProxy = 82C2EE5920AD772A00633030 /* PBXContainerItemProxy */;
		};
		82C2EE6520AD772B00633030 /* PBXTargetDependency */ = {
			isa = PBXTargetDependency;
			target = 82C2EE3E20AD772A00633030 /* uiscrollview */;
			targetProxy = 82C2EE6420AD772B00633030 /* PBXContainerItemProxy */;
		};
/* End PBXTargetDependency section */

/* Begin PBXVariantGroup section */
		82C2EE4B20AD772A00633030 /* Main.storyboard */ = {
			isa = PBXVariantGroup;
			children = (
				82C2EE4C20AD772A00633030 /* Base */,
			);
			name = Main.storyboard;
			sourceTree = "<group>";
		};
		82C2EE5020AD772A00633030 /* LaunchScreen.storyboard */ = {
			isa = PBXVariantGroup;
			children = (
				82C2EE5120AD772A00633030 /* Base */,
			);
			name = LaunchScreen.storyboard;
			sourceTree = "<group>";
		};
/* End PBXVariantGroup section */

/* Begin XCBuildConfiguration section */
		82C2EE6A20AD772B00633030 /* Debug */ = {
			isa = XCBuildConfiguration;
			buildSettings = {
				ALWAYS_SEARCH_USER_PATHS = NO;
				CLANG_ANALYZER_NONNULL = YES;
				CLANG_CXX_LANGUAGE_STANDARD = "gnu++0x";
				CLANG_CXX_LIBRARY = "libc++";
				CLANG_ENABLE_MODULES = YES;
				CLANG_ENABLE_OBJC_ARC = YES;
				CLANG_WARN_BOOL_CONVERSION = YES;
				CLANG_WARN_CONSTANT_CONVERSION = YES;
				CLANG_WARN_DIRECT_OBJC_ISA_USAGE = YES_ERROR;
				CLANG_WARN_EMPTY_BODY = YES;
				CLANG_WARN_ENUM_CONVERSION = YES;
				CLANG_WARN_INT_CONVERSION = YES;
				CLANG_WARN_OBJC_ROOT_CLASS = YES_ERROR;
				CLANG_WARN_UNREACHABLE_CODE = YES;
				CLANG_WARN__DUPLICATE_METHOD_MATCH = YES;
				"CODE_SIGN_IDENTITY[sdk=iphoneos*]" = "iPhone Developer";
				COPY_PHASE_STRIP = NO;
				DEBUG_INFORMATION_FORMAT = dwarf;
				ENABLE_STRICT_OBJC_MSGSEND = YES;
				ENABLE_TESTABILITY = YES;
				GCC_C_LANGUAGE_STANDARD = gnu99;
				GCC_DYNAMIC_NO_PIC = NO;
				GCC_NO_COMMON_BLOCKS = YES;
				GCC_OPTIMIZATION_LEVEL = 0;
				GCC_PREPROCESSOR_DEFINITIONS = (
					"DEBUG=1",
					"$(inherited)",
				);
				GCC_WARN_64_TO_32_BIT_CONVERSION = YES;
				GCC_WARN_ABOUT_RETURN_TYPE = YES_ERROR;
				GCC_WARN_UNDECLARED_SELECTOR = YES;
				GCC_WARN_UNINITIALIZED_AUTOS = YES_AGGRESSIVE;
				GCC_WARN_UNUSED_FUNCTION = YES;
				GCC_WARN_UNUSED_VARIABLE = YES;
				IPHONEOS_DEPLOYMENT_TARGET = 9.3;
				MTL_ENABLE_DEBUG_INFO = YES;
				ONLY_ACTIVE_ARCH = YES;
				SDKROOT = iphoneos;
				TARGETED_DEVICE_FAMILY = "1,2";
			};
			name = Debug;
		};
		82C2EE6B20AD772B00633030 /* Release */ = {
			isa = XCBuildConfiguration;
			buildSettings = {
				ALWAYS_SEARCH_USER_PATHS = NO;
				CLANG_ANALYZER_NONNULL = YES;
				CLANG_CXX_LANGUAGE_STANDARD = "gnu++0x";
				CLANG_CXX_LIBRARY = "libc++";
				CLANG_ENABLE_MODULES = YES;
				CLANG_ENABLE_OBJC_ARC = YES;
				CLANG_WARN_BOOL_CONVERSION = YES;
				CLANG_WARN_CONSTANT_CONVERSION = YES;
				CLANG_WARN_DIRECT_OBJC_ISA_USAGE = YES_ERROR;
				CLANG_WARN_EMPTY_BODY = YES;
				CLANG_WARN_ENUM_CONVERSION = YES;
				CLANG_WARN_INT_CONVERSION = YES;
				CLANG_WARN_OBJC_ROOT_CLASS = YES_ERROR;
				CLANG_WARN_UNREACHABLE_CODE = YES;
				CLANG_WARN__DUPLICATE_METHOD_MATCH = YES;
				"CODE_SIGN_IDENTITY[sdk=iphoneos*]" = "iPhone Developer";
				COPY_PHASE_STRIP = NO;
				DEBUG_INFORMATION_FORMAT = "dwarf-with-dsym";
				ENABLE_NS_ASSERTIONS = NO;
				ENABLE_STRICT_OBJC_MSGSEND = YES;
				GCC_C_LANGUAGE_STANDARD = gnu99;
				GCC_NO_COMMON_BLOCKS = YES;
				GCC_WARN_64_TO_32_BIT_CONVERSION = YES;
				GCC_WARN_ABOUT_RETURN_TYPE = YES_ERROR;
				GCC_WARN_UNDECLARED_SELECTOR = YES;
				GCC_WARN_UNINITIALIZED_AUTOS = YES_AGGRESSIVE;
				GCC_WARN_UNUSED_FUNCTION = YES;
				GCC_WARN_UNUSED_VARIABLE = YES;
				IPHONEOS_DEPLOYMENT_TARGET = 9.3;
				MTL_ENABLE_DEBUG_INFO = NO;
				SDKROOT = iphoneos;
				TARGETED_DEVICE_FAMILY = "1,2";
				VALIDATE_PRODUCT = YES;
			};
			name = Release;
		};
		82C2EE6D20AD772B00633030 /* Debug */ = {
			isa = XCBuildConfiguration;
			buildSettings = {
				ASSETCATALOG_COMPILER_APPICON_NAME = AppIcon;
				INFOPLIST_FILE = uiscrollview/Info.plist;
				LD_RUNPATH_SEARCH_PATHS = "$(inherited) @executable_path/Frameworks";
				PRODUCT_BUNDLE_IDENTIFIER = earth.uiscrollview;
				PRODUCT_NAME = "$(TARGET_NAME)";
			};
			name = Debug;
		};
		82C2EE6E20AD772B00633030 /* Release */ = {
			isa = XCBuildConfiguration;
			buildSettings = {
				ASSETCATALOG_COMPILER_APPICON_NAME = AppIcon;
				INFOPLIST_FILE = uiscrollview/Info.plist;
				LD_RUNPATH_SEARCH_PATHS = "$(inherited) @executable_path/Frameworks";
				PRODUCT_BUNDLE_IDENTIFIER = earth.uiscrollview;
				PRODUCT_NAME = "$(TARGET_NAME)";
			};
			name = Release;
		};
		82C2EE7020AD772B00633030 /* Debug */ = {
			isa = XCBuildConfiguration;
			buildSettings = {
				BUNDLE_LOADER = "$(TEST_HOST)";
				INFOPLIST_FILE = uiscrollviewTests/Info.plist;
				LD_RUNPATH_SEARCH_PATHS = "$(inherited) @executable_path/Frameworks @loader_path/Frameworks";
				PRODUCT_BUNDLE_IDENTIFIER = earth.uiscrollviewTests;
				PRODUCT_NAME = "$(TARGET_NAME)";
				TEST_HOST = "$(BUILT_PRODUCTS_DIR)/uiscrollview.app/uiscrollview";
			};
			name = Debug;
		};
		82C2EE7120AD772B00633030 /* Release */ = {
			isa = XCBuildConfiguration;
			buildSettings = {
				BUNDLE_LOADER = "$(TEST_HOST)";
				INFOPLIST_FILE = uiscrollviewTests/Info.plist;
				LD_RUNPATH_SEARCH_PATHS = "$(inherited) @executable_path/Frameworks @loader_path/Frameworks";
				PRODUCT_BUNDLE_IDENTIFIER = earth.uiscrollviewTests;
				PRODUCT_NAME = "$(TARGET_NAME)";
				TEST_HOST = "$(BUILT_PRODUCTS_DIR)/uiscrollview.app/uiscrollview";
			};
			name = Release;
		};
		82C2EE7320AD772B00633030 /* Debug */ = {
			isa = XCBuildConfiguration;
			buildSettings = {
				INFOPLIST_FILE = uiscrollviewUITests/Info.plist;
				LD_RUNPATH_SEARCH_PATHS = "$(inherited) @executable_path/Frameworks @loader_path/Frameworks";
				PRODUCT_BUNDLE_IDENTIFIER = earth.uiscrollviewUITests;
				PRODUCT_NAME = "$(TARGET_NAME)";
				TEST_TARGET_NAME = uiscrollview;
			};
			name = Debug;
		};
		82C2EE7420AD772B00633030 /* Release */ = {
			isa = XCBuildConfiguration;
			buildSettings = {
				INFOPLIST_FILE = uiscrollviewUITests/Info.plist;
				LD_RUNPATH_SEARCH_PATHS = "$(inherited) @executable_path/Frameworks @loader_path/Frameworks";
				PRODUCT_BUNDLE_IDENTIFIER = earth.uiscrollviewUITests;
				PRODUCT_NAME = "$(TARGET_NAME)";
				TEST_TARGET_NAME = uiscrollview;
			};
			name = Release;
		};
/* End XCBuildConfiguration section */

/* Begin XCConfigurationList section */
		82C2EE3A20AD772A00633030 /* Build configuration list for PBXProject "uiscrollview" */ = {
			isa = XCConfigurationList;
			buildConfigurations = (
				82C2EE6A20AD772B00633030 /* Debug */,
				82C2EE6B20AD772B00633030 /* Release */,
			);
			defaultConfigurationIsVisible = 0;
			defaultConfigurationName = Release;
		};
		82C2EE6C20AD772B00633030 /* Build configuration list for PBXNativeTarget "uiscrollview" */ = {
			isa = XCConfigurationList;
			buildConfigurations = (
				82C2EE6D20AD772B00633030 /* Debug */,
				82C2EE6E20AD772B00633030 /* Release */,
			);
			defaultConfigurationIsVisible = 0;
		};
		82C2EE6F20AD772B00633030 /* Build configuration list for PBXNativeTarget "uiscrollviewTests" */ = {
			isa = XCConfigurationList;
			buildConfigurations = (
				82C2EE7020AD772B00633030 /* Debug */,
				82C2EE7120AD772B00633030 /* Release */,
			);
			defaultConfigurationIsVisible = 0;
		};
		82C2EE7220AD772B00633030 /* Build configuration list for PBXNativeTarget "uiscrollviewUITests" */ = {
			isa = XCConfigurationList;
			buildConfigurations = (
				82C2EE7320AD772B00633030 /* Debug */,
				82C2EE7420AD772B00633030 /* Release */,
			);
			defaultConfigurationIsVisible = 0;
		};
/* End XCConfigurationList section */
	};
	rootObject = 82C2EE3720AD772A00633030 /* Project object */;
}
